// !$*UTF8*$!
{
	archiveVersion = 1;
	classes = {
	};
	objectVersion = 56;
	objects = {

/* Begin PBXBuildFile section */
		1EE965122A13068D0029E177 /* AppDelegate.swift in Sources */ = {isa = PBXBuildFile; fileRef = 1EE965112A13068D0029E177 /* AppDelegate.swift */; };
		1EE965142A13068D0029E177 /* SceneDelegate.swift in Sources */ = {isa = PBXBuildFile; fileRef = 1EE965132A13068D0029E177 /* SceneDelegate.swift */; };
		1EE965162A13068D0029E177 /* ViewController.swift in Sources */ = {isa = PBXBuildFile; fileRef = 1EE965152A13068D0029E177 /* ViewController.swift */; };
		1EE965192A13068D0029E177 /* Main.storyboard in Resources */ = {isa = PBXBuildFile; fileRef = 1EE965172A13068D0029E177 /* Main.storyboard */; };
		1EE9651B2A13068E0029E177 /* Assets.xcassets in Resources */ = {isa = PBXBuildFile; fileRef = 1EE9651A2A13068E0029E177 /* Assets.xcassets */; };
		1EE9651E2A13068E0029E177 /* LaunchScreen.storyboard in Resources */ = {isa = PBXBuildFile; fileRef = 1EE9651C2A13068E0029E177 /* LaunchScreen.storyboard */; };
		1EE965272A1306FF0029E177 /* OHHTTPStubs in Frameworks */ = {isa = PBXBuildFile; productRef = 1EE965262A1306FF0029E177 /* OHHTTPStubs */; };
		1EE965292A1306FF0029E177 /* OHHTTPStubsSwift in Frameworks */ = {isa = PBXBuildFile; productRef = 1EE965282A1306FF0029E177 /* OHHTTPStubsSwift */; };
		1EE965322A130BFF0029E177 /* stubbing_demoTests.swift in Sources */ = {isa = PBXBuildFile; fileRef = 1EE965312A130BFF0029E177 /* stubbing_demoTests.swift */; };
		1EE9653A2A130C640029E177 /* OHHTTPStubs in Frameworks */ = {isa = PBXBuildFile; productRef = 1EE965392A130C640029E177 /* OHHTTPStubs */; };
		1EE9653C2A130C640029E177 /* OHHTTPStubsSwift in Frameworks */ = {isa = PBXBuildFile; productRef = 1EE9653B2A130C640029E177 /* OHHTTPStubsSwift */; };
/* End PBXBuildFile section */

/* Begin PBXContainerItemProxy section */
		1EE965332A130BFF0029E177 /* PBXContainerItemProxy */ = {
			isa = PBXContainerItemProxy;
			containerPortal = 1EE965062A13068D0029E177 /* Project object */;
			proxyType = 1;
			remoteGlobalIDString = 1EE9650D2A13068D0029E177;
			remoteInfo = "stubbing-demo";
		};
/* End PBXContainerItemProxy section */

/* Begin PBXFileReference section */
		1EE9650E2A13068D0029E177 /* stubbing-demo.app */ = {isa = PBXFileReference; explicitFileType = wrapper.application; includeInIndex = 0; path = "stubbing-demo.app"; sourceTree = BUILT_PRODUCTS_DIR; };
		1EE965112A13068D0029E177 /* AppDelegate.swift */ = {isa = PBXFileReference; lastKnownFileType = sourcecode.swift; path = AppDelegate.swift; sourceTree = "<group>"; };
		1EE965132A13068D0029E177 /* SceneDelegate.swift */ = {isa = PBXFileReference; lastKnownFileType = sourcecode.swift; path = SceneDelegate.swift; sourceTree = "<group>"; };
		1EE965152A13068D0029E177 /* ViewController.swift */ = {isa = PBXFileReference; lastKnownFileType = sourcecode.swift; path = ViewController.swift; sourceTree = "<group>"; };
		1EE965182A13068D0029E177 /* Base */ = {isa = PBXFileReference; lastKnownFileType = file.storyboard; name = Base; path = Base.lproj/Main.storyboard; sourceTree = "<group>"; };
		1EE9651A2A13068E0029E177 /* Assets.xcassets */ = {isa = PBXFileReference; lastKnownFileType = folder.assetcatalog; path = Assets.xcassets; sourceTree = "<group>"; };
		1EE9651D2A13068E0029E177 /* Base */ = {isa = PBXFileReference; lastKnownFileType = file.storyboard; name = Base; path = Base.lproj/LaunchScreen.storyboard; sourceTree = "<group>"; };
		1EE9651F2A13068E0029E177 /* Info.plist */ = {isa = PBXFileReference; lastKnownFileType = text.plist.xml; path = Info.plist; sourceTree = "<group>"; };
		1EE9652A2A1309390029E177 /* mock_profile_response.json */ = {isa = PBXFileReference; lastKnownFileType = text.json; path = mock_profile_response.json; sourceTree = "<group>"; };
		1EE9652F2A130BFF0029E177 /* stubbing-demoTests.xctest */ = {isa = PBXFileReference; explicitFileType = wrapper.cfbundle; includeInIndex = 0; path = "stubbing-demoTests.xctest"; sourceTree = BUILT_PRODUCTS_DIR; };
		1EE965312A130BFF0029E177 /* stubbing_demoTests.swift */ = {isa = PBXFileReference; lastKnownFileType = sourcecode.swift; path = stubbing_demoTests.swift; sourceTree = "<group>"; };
		1EE9653D2A130D040029E177 /* mock_profile_valid_response.json */ = {isa = PBXFileReference; lastKnownFileType = text.json; path = mock_profile_valid_response.json; sourceTree = "<group>"; };
		1EE9653E2A131F950029E177 /* mock_profile_invalid_response.json */ = {isa = PBXFileReference; lastKnownFileType = text.json; path = mock_profile_invalid_response.json; sourceTree = "<group>"; };
/* End PBXFileReference section */

/* Begin PBXFrameworksBuildPhase section */
		1EE9650B2A13068D0029E177 /* Frameworks */ = {
			isa = PBXFrameworksBuildPhase;
			buildActionMask = 2147483647;
			files = (
				1EE965272A1306FF0029E177 /* OHHTTPStubs in Frameworks */,
				1EE965292A1306FF0029E177 /* OHHTTPStubsSwift in Frameworks */,
			);
			runOnlyForDeploymentPostprocessing = 0;
		};
		1EE9652C2A130BFF0029E177 /* Frameworks */ = {
			isa = PBXFrameworksBuildPhase;
			buildActionMask = 2147483647;
			files = (
				1EE9653A2A130C640029E177 /* OHHTTPStubs in Frameworks */,
				1EE9653C2A130C640029E177 /* OHHTTPStubsSwift in Frameworks */,
			);
			runOnlyForDeploymentPostprocessing = 0;
		};
/* End PBXFrameworksBuildPhase section */

/* Begin PBXGroup section */
		1EE965052A13068D0029E177 = {
			isa = PBXGroup;
			children = (
				1EE965102A13068D0029E177 /* stubbing-demo */,
				1EE965302A130BFF0029E177 /* stubbing-demoTests */,
				1EE9650F2A13068D0029E177 /* Products */,
				1EE965382A130C640029E177 /* Frameworks */,
			);
			sourceTree = "<group>";
		};
		1EE9650F2A13068D0029E177 /* Products */ = {
			isa = PBXGroup;
			children = (
				1EE9650E2A13068D0029E177 /* stubbing-demo.app */,
				1EE9652F2A130BFF0029E177 /* stubbing-demoTests.xctest */,
			);
			name = Products;
			sourceTree = "<group>";
		};
		1EE965102A13068D0029E177 /* stubbing-demo */ = {
			isa = PBXGroup;
			children = (
				1EE965112A13068D0029E177 /* AppDelegate.swift */,
				1EE965132A13068D0029E177 /* SceneDelegate.swift */,
				1EE965152A13068D0029E177 /* ViewController.swift */,
				1EE965172A13068D0029E177 /* Main.storyboard */,
				1EE9651A2A13068E0029E177 /* Assets.xcassets */,
				1EE9651C2A13068E0029E177 /* LaunchScreen.storyboard */,
				1EE9651F2A13068E0029E177 /* Info.plist */,
				1EE9652A2A1309390029E177 /* mock_profile_response.json */,
			);
			path = "stubbing-demo";
			sourceTree = "<group>";
		};
		1EE965302A130BFF0029E177 /* stubbing-demoTests */ = {
			isa = PBXGroup;
			children = (
				1EE965312A130BFF0029E177 /* stubbing_demoTests.swift */,
				1EE9653D2A130D040029E177 /* mock_profile_valid_response.json */,
				1EE9653E2A131F950029E177 /* mock_profile_invalid_response.json */,
			);
			path = "stubbing-demoTests";
			sourceTree = "<group>";
		};
		1EE965382A130C640029E177 /* Frameworks */ = {
			isa = PBXGroup;
			children = (
			);
			name = Frameworks;
			sourceTree = "<group>";
		};
/* End PBXGroup section */

/* Begin PBXNativeTarget section */
		1EE9650D2A13068D0029E177 /* stubbing-demo */ = {
			isa = PBXNativeTarget;
			buildConfigurationList = 1EE965222A13068E0029E177 /* Build configuration list for PBXNativeTarget "stubbing-demo" */;
			buildPhases = (
				1EE9650A2A13068D0029E177 /* Sources */,
				1EE9650B2A13068D0029E177 /* Frameworks */,
				1EE9650C2A13068D0029E177 /* Resources */,
			);
			buildRules = (
			);
			dependencies = (
			);
			name = "stubbing-demo";
			packageProductDependencies = (
				1EE965262A1306FF0029E177 /* OHHTTPStubs */,
				1EE965282A1306FF0029E177 /* OHHTTPStubsSwift */,
			);
			productName = "stubbing-demo";
			productReference = 1EE9650E2A13068D0029E177 /* stubbing-demo.app */;
			productType = "com.apple.product-type.application";
		};
		1EE9652E2A130BFF0029E177 /* stubbing-demoTests */ = {
			isa = PBXNativeTarget;
			buildConfigurationList = 1EE965352A130BFF0029E177 /* Build configuration list for PBXNativeTarget "stubbing-demoTests" */;
			buildPhases = (
				1EE9652B2A130BFF0029E177 /* Sources */,
				1EE9652C2A130BFF0029E177 /* Frameworks */,
				1EE9652D2A130BFF0029E177 /* Resources */,
			);
			buildRules = (
			);
			dependencies = (
				1EE965342A130BFF0029E177 /* PBXTargetDependency */,
			);
			name = "stubbing-demoTests";
			packageProductDependencies = (
				1EE965392A130C640029E177 /* OHHTTPStubs */,
				1EE9653B2A130C640029E177 /* OHHTTPStubsSwift */,
			);
			productName = "stubbing-demoTests";
			productReference = 1EE9652F2A130BFF0029E177 /* stubbing-demoTests.xctest */;
			productType = "com.apple.product-type.bundle.unit-test";
		};
/* End PBXNativeTarget section */

/* Begin PBXProject section */
		1EE965062A13068D0029E177 /* Project object */ = {
			isa = PBXProject;
			attributes = {
				BuildIndependentTargetsInParallel = 1;
				LastSwiftUpdateCheck = 1420;
				LastUpgradeCheck = 1420;
				TargetAttributes = {
					1EE9650D2A13068D0029E177 = {
						CreatedOnToolsVersion = 14.2;
					};
					1EE9652E2A130BFF0029E177 = {
						CreatedOnToolsVersion = 14.2;
						TestTargetID = 1EE9650D2A13068D0029E177;
					};
				};
			};
			buildConfigurationList = 1EE965092A13068D0029E177 /* Build configuration list for PBXProject "stubbing-demo" */;
			compatibilityVersion = "Xcode 14.0";
			developmentRegion = en;
			hasScannedForEncodings = 0;
			knownRegions = (
				en,
				Base,
			);
			mainGroup = 1EE965052A13068D0029E177;
			packageReferences = (
				1EE965252A1306FF0029E177 /* XCRemoteSwiftPackageReference "OHHTTPStubs" */,
			);
			productRefGroup = 1EE9650F2A13068D0029E177 /* Products */;
			projectDirPath = "";
			projectRoot = "";
			targets = (
				1EE9650D2A13068D0029E177 /* stubbing-demo */,
				1EE9652E2A130BFF0029E177 /* stubbing-demoTests */,
			);
		};
/* End PBXProject section */

/* Begin PBXResourcesBuildPhase section */
		1EE9650C2A13068D0029E177 /* Resources */ = {
			isa = PBXResourcesBuildPhase;
			buildActionMask = 2147483647;
			files = (
				1EE9651E2A13068E0029E177 /* LaunchScreen.storyboard in Resources */,
				1EE9651B2A13068E0029E177 /* Assets.xcassets in Resources */,
				1EE965192A13068D0029E177 /* Main.storyboard in Resources */,
			);
			runOnlyForDeploymentPostprocessing = 0;
		};
		1EE9652D2A130BFF0029E177 /* Resources */ = {
			isa = PBXResourcesBuildPhase;
			buildActionMask = 2147483647;
			files = (
			);
			runOnlyForDeploymentPostprocessing = 0;
		};
/* End PBXResourcesBuildPhase section */

/* Begin PBXSourcesBuildPhase section */
		1EE9650A2A13068D0029E177 /* Sources */ = {
			isa = PBXSourcesBuildPhase;
			buildActionMask = 2147483647;
			files = (
				1EE965162A13068D0029E177 /* ViewController.swift in Sources */,
				1EE965122A13068D0029E177 /* AppDelegate.swift in Sources */,
				1EE965142A13068D0029E177 /* SceneDelegate.swift in Sources */,
			);
			runOnlyForDeploymentPostprocessing = 0;
		};
		1EE9652B2A130BFF0029E177 /* Sources */ = {
			isa = PBXSourcesBuildPhase;
			buildActionMask = 2147483647;
			files = (
				1EE965322A130BFF0029E177 /* stubbing_demoTests.swift in Sources */,
			);
			runOnlyForDeploymentPostprocessing = 0;
		};
/* End PBXSourcesBuildPhase section */

/* Begin PBXTargetDependency section */
		1EE965342A130BFF0029E177 /* PBXTargetDependency */ = {
			isa = PBXTargetDependency;
			target = 1EE9650D2A13068D0029E177 /* stubbing-demo */;
			targetProxy = 1EE965332A130BFF0029E177 /* PBXContainerItemProxy */;
		};
/* End PBXTargetDependency section */

/* Begin PBXVariantGroup section */
		1EE965172A13068D0029E177 /* Main.storyboard */ = {
			isa = PBXVariantGroup;
			children = (
				1EE965182A13068D0029E177 /* Base */,
			);
			name = Main.storyboard;
			sourceTree = "<group>";
		};
		1EE9651C2A13068E0029E177 /* LaunchScreen.storyboard */ = {
			isa = PBXVariantGroup;
			children = (
				1EE9651D2A13068E0029E177 /* Base */,
			);
			name = LaunchScreen.storyboard;
			sourceTree = "<group>";
		};
/* End PBXVariantGroup section */

/* Begin XCBuildConfiguration section */
		1EE965202A13068E0029E177 /* Debug */ = {
			isa = XCBuildConfiguration;
			buildSettings = {
				ALWAYS_SEARCH_USER_PATHS = NO;
				CLANG_ANALYZER_NONNULL = YES;
				CLANG_ANALYZER_NUMBER_OBJECT_CONVERSION = YES_AGGRESSIVE;
				CLANG_CXX_LANGUAGE_STANDARD = "gnu++20";
				CLANG_ENABLE_MODULES = YES;
				CLANG_ENABLE_OBJC_ARC = YES;
				CLANG_ENABLE_OBJC_WEAK = YES;
				CLANG_WARN_BLOCK_CAPTURE_AUTORELEASING = YES;
				CLANG_WARN_BOOL_CONVERSION = YES;
				CLANG_WARN_COMMA = YES;
				CLANG_WARN_CONSTANT_CONVERSION = YES;
				CLANG_WARN_DEPRECATED_OBJC_IMPLEMENTATIONS = YES;
				CLANG_WARN_DIRECT_OBJC_ISA_USAGE = YES_ERROR;
				CLANG_WARN_DOCUMENTATION_COMMENTS = YES;
				CLANG_WARN_EMPTY_BODY = YES;
				CLANG_WARN_ENUM_CONVERSION = YES;
				CLANG_WARN_INFINITE_RECURSION = YES;
				CLANG_WARN_INT_CONVERSION = YES;
				CLANG_WARN_NON_LITERAL_NULL_CONVERSION = YES;
				CLANG_WARN_OBJC_IMPLICIT_RETAIN_SELF = YES;
				CLANG_WARN_OBJC_LITERAL_CONVERSION = YES;
				CLANG_WARN_OBJC_ROOT_CLASS = YES_ERROR;
				CLANG_WARN_QUOTED_INCLUDE_IN_FRAMEWORK_HEADER = YES;
				CLANG_WARN_RANGE_LOOP_ANALYSIS = YES;
				CLANG_WARN_STRICT_PROTOTYPES = YES;
				CLANG_WARN_SUSPICIOUS_MOVE = YES;
				CLANG_WARN_UNGUARDED_AVAILABILITY = YES_AGGRESSIVE;
				CLANG_WARN_UNREACHABLE_CODE = YES;
				CLANG_WARN__DUPLICATE_METHOD_MATCH = YES;
				COPY_PHASE_STRIP = NO;
				DEBUG_INFORMATION_FORMAT = dwarf;
				ENABLE_STRICT_OBJC_MSGSEND = YES;
				ENABLE_TESTABILITY = YES;
				GCC_C_LANGUAGE_STANDARD = gnu11;
				GCC_DYNAMIC_NO_PIC = NO;
				GCC_NO_COMMON_BLOCKS = YES;
				GCC_OPTIMIZATION_LEVEL = 0;
				GCC_PREPROCESSOR_DEFINITIONS = (
					"DEBUG=1",
					"$(inherited)",
				);
				GCC_WARN_64_TO_32_BIT_CONVERSION = YES;
				GCC_WARN_ABOUT_RETURN_TYPE = YES_ERROR;
				GCC_WARN_UNDECLARED_SELECTOR = YES;
				GCC_WARN_UNINITIALIZED_AUTOS = YES_AGGRESSIVE;
				GCC_WARN_UNUSED_FUNCTION = YES;
				GCC_WARN_UNUSED_VARIABLE = YES;
				IPHONEOS_DEPLOYMENT_TARGET = 14.0;
				MTL_ENABLE_DEBUG_INFO = INCLUDE_SOURCE;
				MTL_FAST_MATH = YES;
				ONLY_ACTIVE_ARCH = YES;
				SDKROOT = iphoneos;
				SWIFT_ACTIVE_COMPILATION_CONDITIONS = DEBUG;
				SWIFT_OPTIMIZATION_LEVEL = "-Onone";
			};
			name = Debug;
		};
		1EE965212A13068E0029E177 /* Release */ = {
			isa = XCBuildConfiguration;
			buildSettings = {
				ALWAYS_SEARCH_USER_PATHS = NO;
				CLANG_ANALYZER_NONNULL = YES;
				CLANG_ANALYZER_NUMBER_OBJECT_CONVERSION = YES_AGGRESSIVE;
				CLANG_CXX_LANGUAGE_STANDARD = "gnu++20";
				CLANG_ENABLE_MODULES = YES;
				CLANG_ENABLE_OBJC_ARC = YES;
				CLANG_ENABLE_OBJC_WEAK = YES;
				CLANG_WARN_BLOCK_CAPTURE_AUTORELEASING = YES;
				CLANG_WARN_BOOL_CONVERSION = YES;
				CLANG_WARN_COMMA = YES;
				CLANG_WARN_CONSTANT_CONVERSION = YES;
				CLANG_WARN_DEPRECATED_OBJC_IMPLEMENTATIONS = YES;
				CLANG_WARN_DIRECT_OBJC_ISA_USAGE = YES_ERROR;
				CLANG_WARN_DOCUMENTATION_COMMENTS = YES;
				CLANG_WARN_EMPTY_BODY = YES;
				CLANG_WARN_ENUM_CONVERSION = YES;
				CLANG_WARN_INFINITE_RECURSION = YES;
				CLANG_WARN_INT_CONVERSION = YES;
				CLANG_WARN_NON_LITERAL_NULL_CONVERSION = YES;
				CLANG_WARN_OBJC_IMPLICIT_RETAIN_SELF = YES;
				CLANG_WARN_OBJC_LITERAL_CONVERSION = YES;
				CLANG_WARN_OBJC_ROOT_CLASS = YES_ERROR;
				CLANG_WARN_QUOTED_INCLUDE_IN_FRAMEWORK_HEADER = YES;
				CLANG_WARN_RANGE_LOOP_ANALYSIS = YES;
				CLANG_WARN_STRICT_PROTOTYPES = YES;
				CLANG_WARN_SUSPICIOUS_MOVE = YES;
				CLANG_WARN_UNGUARDED_AVAILABILITY = YES_AGGRESSIVE;
				CLANG_WARN_UNREACHABLE_CODE = YES;
				CLANG_WARN__DUPLICATE_METHOD_MATCH = YES;
				COPY_PHASE_STRIP = NO;
				DEBUG_INFORMATION_FORMAT = "dwarf-with-dsym";
				ENABLE_NS_ASSERTIONS = NO;
				ENABLE_STRICT_OBJC_MSGSEND = YES;
				GCC_C_LANGUAGE_STANDARD = gnu11;
				GCC_NO_COMMON_BLOCKS = YES;
				GCC_WARN_64_TO_32_BIT_CONVERSION = YES;
				GCC_WARN_ABOUT_RETURN_TYPE = YES_ERROR;
				GCC_WARN_UNDECLARED_SELECTOR = YES;
				GCC_WARN_UNINITIALIZED_AUTOS = YES_AGGRESSIVE;
				GCC_WARN_UNUSED_FUNCTION = YES;
				GCC_WARN_UNUSED_VARIABLE = YES;
				IPHONEOS_DEPLOYMENT_TARGET = 14.0;
				MTL_ENABLE_DEBUG_INFO = NO;
				MTL_FAST_MATH = YES;
				SDKROOT = iphoneos;
				SWIFT_COMPILATION_MODE = wholemodule;
				SWIFT_OPTIMIZATION_LEVEL = "-O";
				VALIDATE_PRODUCT = YES;
			};
			name = Release;
		};
		1EE965232A13068E0029E177 /* Debug */ = {
			isa = XCBuildConfiguration;
			buildSettings = {
				ASSETCATALOG_COMPILER_APPICON_NAME = AppIcon;
				ASSETCATALOG_COMPILER_GLOBAL_ACCENT_COLOR_NAME = AccentColor;
				CODE_SIGN_STYLE = Automatic;
				CURRENT_PROJECT_VERSION = 1;
				DEVELOPMENT_TEAM = 4FTFKXF8N5;
				GENERATE_INFOPLIST_FILE = YES;
				INFOPLIST_FILE = "stubbing-demo/Info.plist";
				INFOPLIST_KEY_UIApplicationSupportsIndirectInputEvents = YES;
				INFOPLIST_KEY_UILaunchStoryboardName = LaunchScreen;
				INFOPLIST_KEY_UIMainStoryboardFile = Main;
				INFOPLIST_KEY_UISupportedInterfaceOrientations_iPad = "UIInterfaceOrientationPortrait UIInterfaceOrientationPortraitUpsideDown UIInterfaceOrientationLandscapeLeft UIInterfaceOrientationLandscapeRight";
				INFOPLIST_KEY_UISupportedInterfaceOrientations_iPhone = "UIInterfaceOrientationPortrait UIInterfaceOrientationLandscapeLeft UIInterfaceOrientationLandscapeRight";
				LD_RUNPATH_SEARCH_PATHS = (
					"$(inherited)",
					"@executable_path/Frameworks",
				);
				MARKETING_VERSION = 1.0;
				PRODUCT_BUNDLE_IDENTIFIER = "com.jeongminkim.stubbing-demo";
				PRODUCT_NAME = "$(TARGET_NAME)";
				SWIFT_EMIT_LOC_STRINGS = YES;
				SWIFT_VERSION = 5.0;
				TARGETED_DEVICE_FAMILY = "1,2";
			};
			name = Debug;
		};
		1EE965242A13068E0029E177 /* Release */ = {
			isa = XCBuildConfiguration;
			buildSettings = {
				ASSETCATALOG_COMPILER_APPICON_NAME = AppIcon;
				ASSETCATALOG_COMPILER_GLOBAL_ACCENT_COLOR_NAME = AccentColor;
				CODE_SIGN_STYLE = Automatic;
				CURRENT_PROJECT_VERSION = 1;
				DEVELOPMENT_TEAM = 4FTFKXF8N5;
				GENERATE_INFOPLIST_FILE = YES;
				INFOPLIST_FILE = "stubbing-demo/Info.plist";
				INFOPLIST_KEY_UIApplicationSupportsIndirectInputEvents = YES;
				INFOPLIST_KEY_UILaunchStoryboardName = LaunchScreen;
				INFOPLIST_KEY_UIMainStoryboardFile = Main;
				INFOPLIST_KEY_UISupportedInterfaceOrientations_iPad = "UIInterfaceOrientationPortrait UIInterfaceOrientationPortraitUpsideDown UIInterfaceOrientationLandscapeLeft UIInterfaceOrientationLandscapeRight";
				INFOPLIST_KEY_UISupportedInterfaceOrientations_iPhone = "UIInterfaceOrientationPortrait UIInterfaceOrientationLandscapeLeft UIInterfaceOrientationLandscapeRight";
				LD_RUNPATH_SEARCH_PATHS = (
					"$(inherited)",
					"@executable_path/Frameworks",
				);
				MARKETING_VERSION = 1.0;
				PRODUCT_BUNDLE_IDENTIFIER = "com.jeongminkim.stubbing-demo";
				PRODUCT_NAME = "$(TARGET_NAME)";
				SWIFT_EMIT_LOC_STRINGS = YES;
				SWIFT_VERSION = 5.0;
				TARGETED_DEVICE_FAMILY = "1,2";
			};
			name = Release;
		};
		1EE965362A130BFF0029E177 /* Debug */ = {
			isa = XCBuildConfiguration;
			buildSettings = {
				BUNDLE_LOADER = "$(TEST_HOST)";
				CODE_SIGN_STYLE = Automatic;
				CURRENT_PROJECT_VERSION = 1;
				DEVELOPMENT_TEAM = 4FTFKXF8N5;
				GENERATE_INFOPLIST_FILE = YES;
				MARKETING_VERSION = 1.0;
				PRODUCT_BUNDLE_IDENTIFIER = "com.jeongminkim.stubbing-demoTests";
				PRODUCT_NAME = "$(TARGET_NAME)";
				SWIFT_EMIT_LOC_STRINGS = NO;
				SWIFT_VERSION = 5.0;
				TARGETED_DEVICE_FAMILY = "1,2";
				TEST_HOST = "$(BUILT_PRODUCTS_DIR)/stubbing-demo.app/$(BUNDLE_EXECUTABLE_FOLDER_PATH)/stubbing-demo";
			};
			name = Debug;
		};
		1EE965372A130BFF0029E177 /* Release */ = {
			isa = XCBuildConfiguration;
			buildSettings = {
				BUNDLE_LOADER = "$(TEST_HOST)";
				CODE_SIGN_STYLE = Automatic;
				CURRENT_PROJECT_VERSION = 1;
				DEVELOPMENT_TEAM = 4FTFKXF8N5;
				GENERATE_INFOPLIST_FILE = YES;
				MARKETING_VERSION = 1.0;
				PRODUCT_BUNDLE_IDENTIFIER = "com.jeongminkim.stubbing-demoTests";
				PRODUCT_NAME = "$(TARGET_NAME)";
				SWIFT_EMIT_LOC_STRINGS = NO;
				SWIFT_VERSION = 5.0;
				TARGETED_DEVICE_FAMILY = "1,2";
				TEST_HOST = "$(BUILT_PRODUCTS_DIR)/stubbing-demo.app/$(BUNDLE_EXECUTABLE_FOLDER_PATH)/stubbing-demo";
			};
			name = Release;
		};
/* End XCBuildConfiguration section */

/* Begin XCConfigurationList section */
		1EE965092A13068D0029E177 /* Build configuration list for PBXProject "stubbing-demo" */ = {
			isa = XCConfigurationList;
			buildConfigurations = (
				1EE965202A13068E0029E177 /* Debug */,
				1EE965212A13068E0029E177 /* Release */,
			);
			defaultConfigurationIsVisible = 0;
			defaultConfigurationName = Release;
		};
		1EE965222A13068E0029E177 /* Build configuration list for PBXNativeTarget "stubbing-demo" */ = {
			isa = XCConfigurationList;
			buildConfigurations = (
				1EE965232A13068E0029E177 /* Debug */,
				1EE965242A13068E0029E177 /* Release */,
			);
			defaultConfigurationIsVisible = 0;
			defaultConfigurationName = Release;
		};
		1EE965352A130BFF0029E177 /* Build configuration list for PBXNativeTarget "stubbing-demoTests" */ = {
			isa = XCConfigurationList;
			buildConfigurations = (
				1EE965362A130BFF0029E177 /* Debug */,
				1EE965372A130BFF0029E177 /* Release */,
			);
			defaultConfigurationIsVisible = 0;
			defaultConfigurationName = Release;
		};
/* End XCConfigurationList section */

/* Begin XCRemoteSwiftPackageReference section */
		1EE965252A1306FF0029E177 /* XCRemoteSwiftPackageReference "OHHTTPStubs" */ = {
			isa = XCRemoteSwiftPackageReference;
			repositoryURL = "https://github.com/AliSoftware/OHHTTPStubs";
			requirement = {
				kind = upToNextMinorVersion;
				minimumVersion = 9.1.0;
			};
		};
/* End XCRemoteSwiftPackageReference section */

/* Begin XCSwiftPackageProductDependency section */
		1EE965262A1306FF0029E177 /* OHHTTPStubs */ = {
			isa = XCSwiftPackageProductDependency;
			package = 1EE965252A1306FF0029E177 /* XCRemoteSwiftPackageReference "OHHTTPStubs" */;
			productName = OHHTTPStubs;
		};
		1EE965282A1306FF0029E177 /* OHHTTPStubsSwift */ = {
			isa = XCSwiftPackageProductDependency;
			package = 1EE965252A1306FF0029E177 /* XCRemoteSwiftPackageReference "OHHTTPStubs" */;
			productName = OHHTTPStubsSwift;
		};
		1EE965392A130C640029E177 /* OHHTTPStubs */ = {
			isa = XCSwiftPackageProductDependency;
			package = 1EE965252A1306FF0029E177 /* XCRemoteSwiftPackageReference "OHHTTPStubs" */;
			productName = OHHTTPStubs;
		};
		1EE9653B2A130C640029E177 /* OHHTTPStubsSwift */ = {
			isa = XCSwiftPackageProductDependency;
			package = 1EE965252A1306FF0029E177 /* XCRemoteSwiftPackageReference "OHHTTPStubs" */;
			productName = OHHTTPStubsSwift;
		};
/* End XCSwiftPackageProductDependency section */
	};
	rootObject = 1EE965062A13068D0029E177 /* Project object */;
}
