// !$*UTF8*$!
{
	archiveVersion = 1;
	classes = {
	};
	objectVersion = 55;
	objects = {

/* Begin PBXBuildFile section */
		1E1766CF29364AF0003A8DD6 /* AppDelegate.swift in Sources */ = {isa = PBXBuildFile; fileRef = 1E1766CE29364AF0003A8DD6 /* AppDelegate.swift */; };
		1E1766D129364AF0003A8DD6 /* SceneDelegate.swift in Sources */ = {isa = PBXBuildFile; fileRef = 1E1766D029364AF0003A8DD6 /* SceneDelegate.swift */; };
		1E1766D829364AF1003A8DD6 /* Assets.xcassets in Resources */ = {isa = PBXBuildFile; fileRef = 1E1766D729364AF1003A8DD6 /* Assets.xcassets */; };
		1E1766DB29364AF1003A8DD6 /* LaunchScreen.storyboard in Resources */ = {isa = PBXBuildFile; fileRef = 1E1766D929364AF1003A8DD6 /* LaunchScreen.storyboard */; };
		1E1766E429364B3D003A8DD6 /* RxCocoa in Frameworks */ = {isa = PBXBuildFile; productRef = 1E1766E329364B3D003A8DD6 /* RxCocoa */; };
		1E1766E629364B3D003A8DD6 /* RxRelay in Frameworks */ = {isa = PBXBuildFile; productRef = 1E1766E529364B3D003A8DD6 /* RxRelay */; };
		1E1766E829364B3D003A8DD6 /* RxSwift in Frameworks */ = {isa = PBXBuildFile; productRef = 1E1766E729364B3D003A8DD6 /* RxSwift */; };
		1E1766EB29364B49003A8DD6 /* SnapKit in Frameworks */ = {isa = PBXBuildFile; productRef = 1E1766EA29364B49003A8DD6 /* SnapKit */; };
		1E1766ED29364B9F003A8DD6 /* RepositoryListViewController.swift in Sources */ = {isa = PBXBuildFile; fileRef = 1E1766EC29364B9F003A8DD6 /* RepositoryListViewController.swift */; };
		1E1766EF29364BFB003A8DD6 /* RepositoryListCell.swift in Sources */ = {isa = PBXBuildFile; fileRef = 1E1766EE29364BFB003A8DD6 /* RepositoryListCell.swift */; };
		1E637CEB297044DD005F25A6 /* Alamofire in Frameworks */ = {isa = PBXBuildFile; productRef = 1E637CEA297044DD005F25A6 /* Alamofire */; };
		1E6533F829378B36008DC203 /* Repository.swift in Sources */ = {isa = PBXBuildFile; fileRef = 1E6533F729378B36008DC203 /* Repository.swift */; };
/* End PBXBuildFile section */

/* Begin PBXFileReference section */
		1E1766CB29364AF0003A8DD6 /* GitHubRepository.app */ = {isa = PBXFileReference; explicitFileType = wrapper.application; includeInIndex = 0; path = GitHubRepository.app; sourceTree = BUILT_PRODUCTS_DIR; };
		1E1766CE29364AF0003A8DD6 /* AppDelegate.swift */ = {isa = PBXFileReference; lastKnownFileType = sourcecode.swift; path = AppDelegate.swift; sourceTree = "<group>"; };
		1E1766D029364AF0003A8DD6 /* SceneDelegate.swift */ = {isa = PBXFileReference; lastKnownFileType = sourcecode.swift; path = SceneDelegate.swift; sourceTree = "<group>"; };
		1E1766D729364AF1003A8DD6 /* Assets.xcassets */ = {isa = PBXFileReference; lastKnownFileType = folder.assetcatalog; path = Assets.xcassets; sourceTree = "<group>"; };
		1E1766DA29364AF1003A8DD6 /* Base */ = {isa = PBXFileReference; lastKnownFileType = file.storyboard; name = Base; path = Base.lproj/LaunchScreen.storyboard; sourceTree = "<group>"; };
		1E1766DC29364AF1003A8DD6 /* Info.plist */ = {isa = PBXFileReference; lastKnownFileType = text.plist.xml; path = Info.plist; sourceTree = "<group>"; };
		1E1766EC29364B9F003A8DD6 /* RepositoryListViewController.swift */ = {isa = PBXFileReference; lastKnownFileType = sourcecode.swift; path = RepositoryListViewController.swift; sourceTree = "<group>"; };
		1E1766EE29364BFB003A8DD6 /* RepositoryListCell.swift */ = {isa = PBXFileReference; lastKnownFileType = sourcecode.swift; path = RepositoryListCell.swift; sourceTree = "<group>"; };
		1E6533F729378B36008DC203 /* Repository.swift */ = {isa = PBXFileReference; lastKnownFileType = sourcecode.swift; path = Repository.swift; sourceTree = "<group>"; };
/* End PBXFileReference section */

/* Begin PBXFrameworksBuildPhase section */
		1E1766C829364AEF003A8DD6 /* Frameworks */ = {
			isa = PBXFrameworksBuildPhase;
			buildActionMask = 2147483647;
			files = (
				1E637CEB297044DD005F25A6 /* Alamofire in Frameworks */,
				1E1766E829364B3D003A8DD6 /* RxSwift in Frameworks */,
				1E1766EB29364B49003A8DD6 /* SnapKit in Frameworks */,
				1E1766E629364B3D003A8DD6 /* RxRelay in Frameworks */,
				1E1766E429364B3D003A8DD6 /* RxCocoa in Frameworks */,
			);
			runOnlyForDeploymentPostprocessing = 0;
		};
/* End PBXFrameworksBuildPhase section */

/* Begin PBXGroup section */
		1E1766C229364AEF003A8DD6 = {
			isa = PBXGroup;
			children = (
				1E1766CD29364AF0003A8DD6 /* GitHubRepository */,
				1E1766CC29364AF0003A8DD6 /* Products */,
			);
			sourceTree = "<group>";
		};
		1E1766CC29364AF0003A8DD6 /* Products */ = {
			isa = PBXGroup;
			children = (
				1E1766CB29364AF0003A8DD6 /* GitHubRepository.app */,
			);
			name = Products;
			sourceTree = "<group>";
		};
		1E1766CD29364AF0003A8DD6 /* GitHubRepository */ = {
			isa = PBXGroup;
			children = (
				1E4268CE296C515B00804EBC /* ViewModel */,
				1E4268CD296C515700804EBC /* View */,
				1E4268CC296C515000804EBC /* Model */,
				1E1766CE29364AF0003A8DD6 /* AppDelegate.swift */,
				1E1766D029364AF0003A8DD6 /* SceneDelegate.swift */,
				1E1766EC29364B9F003A8DD6 /* RepositoryListViewController.swift */,
				1E1766EE29364BFB003A8DD6 /* RepositoryListCell.swift */,
				1E6533F729378B36008DC203 /* Repository.swift */,
				1E1766D729364AF1003A8DD6 /* Assets.xcassets */,
				1E1766D929364AF1003A8DD6 /* LaunchScreen.storyboard */,
				1E1766DC29364AF1003A8DD6 /* Info.plist */,
			);
			path = GitHubRepository;
			sourceTree = "<group>";
		};
		1E4268CC296C515000804EBC /* Model */ = {
			isa = PBXGroup;
			children = (
			);
			path = Model;
			sourceTree = "<group>";
		};
		1E4268CD296C515700804EBC /* View */ = {
			isa = PBXGroup;
			children = (
			);
			path = View;
			sourceTree = "<group>";
		};
		1E4268CE296C515B00804EBC /* ViewModel */ = {
			isa = PBXGroup;
			children = (
			);
			path = ViewModel;
			sourceTree = "<group>";
		};
/* End PBXGroup section */

/* Begin PBXNativeTarget section */
		1E1766CA29364AEF003A8DD6 /* GitHubRepository */ = {
			isa = PBXNativeTarget;
			buildConfigurationList = 1E1766DF29364AF1003A8DD6 /* Build configuration list for PBXNativeTarget "GitHubRepository" */;
			buildPhases = (
				1E1766C729364AEF003A8DD6 /* Sources */,
				1E1766C829364AEF003A8DD6 /* Frameworks */,
				1E1766C929364AEF003A8DD6 /* Resources */,
			);
			buildRules = (
			);
			dependencies = (
			);
			name = GitHubRepository;
			packageProductDependencies = (
				1E1766E329364B3D003A8DD6 /* RxCocoa */,
				1E1766E529364B3D003A8DD6 /* RxRelay */,
				1E1766E729364B3D003A8DD6 /* RxSwift */,
				1E1766EA29364B49003A8DD6 /* SnapKit */,
				1E637CEA297044DD005F25A6 /* Alamofire */,
			);
			productName = GitHubRepository;
			productReference = 1E1766CB29364AF0003A8DD6 /* GitHubRepository.app */;
			productType = "com.apple.product-type.application";
		};
/* End PBXNativeTarget section */

/* Begin PBXProject section */
		1E1766C329364AEF003A8DD6 /* Project object */ = {
			isa = PBXProject;
			attributes = {
				BuildIndependentTargetsInParallel = 1;
				LastSwiftUpdateCheck = 1320;
				LastUpgradeCheck = 1320;
				TargetAttributes = {
					1E1766CA29364AEF003A8DD6 = {
						CreatedOnToolsVersion = 13.2.1;
					};
				};
			};
			buildConfigurationList = 1E1766C629364AEF003A8DD6 /* Build configuration list for PBXProject "GitHubRepository" */;
			compatibilityVersion = "Xcode 13.0";
			developmentRegion = en;
			hasScannedForEncodings = 0;
			knownRegions = (
				en,
				Base,
			);
			mainGroup = 1E1766C229364AEF003A8DD6;
			packageReferences = (
				1E1766E229364B3D003A8DD6 /* XCRemoteSwiftPackageReference "RxSwift" */,
				1E1766E929364B49003A8DD6 /* XCRemoteSwiftPackageReference "SnapKit" */,
				1E637CE9297044DD005F25A6 /* XCRemoteSwiftPackageReference "Alamofire" */,
			);
			productRefGroup = 1E1766CC29364AF0003A8DD6 /* Products */;
			projectDirPath = "";
			projectRoot = "";
			targets = (
				1E1766CA29364AEF003A8DD6 /* GitHubRepository */,
			);
		};
/* End PBXProject section */

/* Begin PBXResourcesBuildPhase section */
		1E1766C929364AEF003A8DD6 /* Resources */ = {
			isa = PBXResourcesBuildPhase;
			buildActionMask = 2147483647;
			files = (
				1E1766DB29364AF1003A8DD6 /* LaunchScreen.storyboard in Resources */,
				1E1766D829364AF1003A8DD6 /* Assets.xcassets in Resources */,
			);
			runOnlyForDeploymentPostprocessing = 0;
		};
/* End PBXResourcesBuildPhase section */

/* Begin PBXSourcesBuildPhase section */
		1E1766C729364AEF003A8DD6 /* Sources */ = {
			isa = PBXSourcesBuildPhase;
			buildActionMask = 2147483647;
			files = (
				1E1766CF29364AF0003A8DD6 /* AppDelegate.swift in Sources */,
				1E1766D129364AF0003A8DD6 /* SceneDelegate.swift in Sources */,
				1E6533F829378B36008DC203 /* Repository.swift in Sources */,
				1E1766ED29364B9F003A8DD6 /* RepositoryListViewController.swift in Sources */,
				1E1766EF29364BFB003A8DD6 /* RepositoryListCell.swift in Sources */,
			);
			runOnlyForDeploymentPostprocessing = 0;
		};
/* End PBXSourcesBuildPhase section */

/* Begin PBXVariantGroup section */
		1E1766D929364AF1003A8DD6 /* LaunchScreen.storyboard */ = {
			isa = PBXVariantGroup;
			children = (
				1E1766DA29364AF1003A8DD6 /* Base */,
			);
			name = LaunchScreen.storyboard;
			sourceTree = "<group>";
		};
/* End PBXVariantGroup section */

/* Begin XCBuildConfiguration section */
		1E1766DD29364AF1003A8DD6 /* Debug */ = {
			isa = XCBuildConfiguration;
			buildSettings = {
				ALWAYS_SEARCH_USER_PATHS = NO;
				CLANG_ANALYZER_NONNULL = YES;
				CLANG_ANALYZER_NUMBER_OBJECT_CONVERSION = YES_AGGRESSIVE;
				CLANG_CXX_LANGUAGE_STANDARD = "gnu++17";
				CLANG_CXX_LIBRARY = "libc++";
				CLANG_ENABLE_MODULES = YES;
				CLANG_ENABLE_OBJC_ARC = YES;
				CLANG_ENABLE_OBJC_WEAK = YES;
				CLANG_WARN_BLOCK_CAPTURE_AUTORELEASING = YES;
				CLANG_WARN_BOOL_CONVERSION = YES;
				CLANG_WARN_COMMA = YES;
				CLANG_WARN_CONSTANT_CONVERSION = YES;
				CLANG_WARN_DEPRECATED_OBJC_IMPLEMENTATIONS = YES;
				CLANG_WARN_DIRECT_OBJC_ISA_USAGE = YES_ERROR;
				CLANG_WARN_DOCUMENTATION_COMMENTS = YES;
				CLANG_WARN_EMPTY_BODY = YES;
				CLANG_WARN_ENUM_CONVERSION = YES;
				CLANG_WARN_INFINITE_RECURSION = YES;
				CLANG_WARN_INT_CONVERSION = YES;
				CLANG_WARN_NON_LITERAL_NULL_CONVERSION = YES;
				CLANG_WARN_OBJC_IMPLICIT_RETAIN_SELF = YES;
				CLANG_WARN_OBJC_LITERAL_CONVERSION = YES;
				CLANG_WARN_OBJC_ROOT_CLASS = YES_ERROR;
				CLANG_WARN_QUOTED_INCLUDE_IN_FRAMEWORK_HEADER = YES;
				CLANG_WARN_RANGE_LOOP_ANALYSIS = YES;
				CLANG_WARN_STRICT_PROTOTYPES = YES;
				CLANG_WARN_SUSPICIOUS_MOVE = YES;
				CLANG_WARN_UNGUARDED_AVAILABILITY = YES_AGGRESSIVE;
				CLANG_WARN_UNREACHABLE_CODE = YES;
				CLANG_WARN__DUPLICATE_METHOD_MATCH = YES;
				COPY_PHASE_STRIP = NO;
				DEBUG_INFORMATION_FORMAT = dwarf;
				ENABLE_STRICT_OBJC_MSGSEND = YES;
				ENABLE_TESTABILITY = YES;
				GCC_C_LANGUAGE_STANDARD = gnu11;
				GCC_DYNAMIC_NO_PIC = NO;
				GCC_NO_COMMON_BLOCKS = YES;
				GCC_OPTIMIZATION_LEVEL = 0;
				GCC_PREPROCESSOR_DEFINITIONS = (
					"DEBUG=1",
					"$(inherited)",
				);
				GCC_WARN_64_TO_32_BIT_CONVERSION = YES;
				GCC_WARN_ABOUT_RETURN_TYPE = YES_ERROR;
				GCC_WARN_UNDECLARED_SELECTOR = YES;
				GCC_WARN_UNINITIALIZED_AUTOS = YES_AGGRESSIVE;
				GCC_WARN_UNUSED_FUNCTION = YES;
				GCC_WARN_UNUSED_VARIABLE = YES;
				IPHONEOS_DEPLOYMENT_TARGET = 14.0;
				MTL_ENABLE_DEBUG_INFO = INCLUDE_SOURCE;
				MTL_FAST_MATH = YES;
				ONLY_ACTIVE_ARCH = YES;
				SDKROOT = iphoneos;
				SWIFT_ACTIVE_COMPILATION_CONDITIONS = DEBUG;
				SWIFT_OPTIMIZATION_LEVEL = "-Onone";
			};
			name = Debug;
		};
		1E1766DE29364AF1003A8DD6 /* Release */ = {
			isa = XCBuildConfiguration;
			buildSettings = {
				ALWAYS_SEARCH_USER_PATHS = NO;
				CLANG_ANALYZER_NONNULL = YES;
				CLANG_ANALYZER_NUMBER_OBJECT_CONVERSION = YES_AGGRESSIVE;
				CLANG_CXX_LANGUAGE_STANDARD = "gnu++17";
				CLANG_CXX_LIBRARY = "libc++";
				CLANG_ENABLE_MODULES = YES;
				CLANG_ENABLE_OBJC_ARC = YES;
				CLANG_ENABLE_OBJC_WEAK = YES;
				CLANG_WARN_BLOCK_CAPTURE_AUTORELEASING = YES;
				CLANG_WARN_BOOL_CONVERSION = YES;
				CLANG_WARN_COMMA = YES;
				CLANG_WARN_CONSTANT_CONVERSION = YES;
				CLANG_WARN_DEPRECATED_OBJC_IMPLEMENTATIONS = YES;
				CLANG_WARN_DIRECT_OBJC_ISA_USAGE = YES_ERROR;
				CLANG_WARN_DOCUMENTATION_COMMENTS = YES;
				CLANG_WARN_EMPTY_BODY = YES;
				CLANG_WARN_ENUM_CONVERSION = YES;
				CLANG_WARN_INFINITE_RECURSION = YES;
				CLANG_WARN_INT_CONVERSION = YES;
				CLANG_WARN_NON_LITERAL_NULL_CONVERSION = YES;
				CLANG_WARN_OBJC_IMPLICIT_RETAIN_SELF = YES;
				CLANG_WARN_OBJC_LITERAL_CONVERSION = YES;
				CLANG_WARN_OBJC_ROOT_CLASS = YES_ERROR;
				CLANG_WARN_QUOTED_INCLUDE_IN_FRAMEWORK_HEADER = YES;
				CLANG_WARN_RANGE_LOOP_ANALYSIS = YES;
				CLANG_WARN_STRICT_PROTOTYPES = YES;
				CLANG_WARN_SUSPICIOUS_MOVE = YES;
				CLANG_WARN_UNGUARDED_AVAILABILITY = YES_AGGRESSIVE;
				CLANG_WARN_UNREACHABLE_CODE = YES;
				CLANG_WARN__DUPLICATE_METHOD_MATCH = YES;
				COPY_PHASE_STRIP = NO;
				DEBUG_INFORMATION_FORMAT = "dwarf-with-dsym";
				ENABLE_NS_ASSERTIONS = NO;
				ENABLE_STRICT_OBJC_MSGSEND = YES;
				GCC_C_LANGUAGE_STANDARD = gnu11;
				GCC_NO_COMMON_BLOCKS = YES;
				GCC_WARN_64_TO_32_BIT_CONVERSION = YES;
				GCC_WARN_ABOUT_RETURN_TYPE = YES_ERROR;
				GCC_WARN_UNDECLARED_SELECTOR = YES;
				GCC_WARN_UNINITIALIZED_AUTOS = YES_AGGRESSIVE;
				GCC_WARN_UNUSED_FUNCTION = YES;
				GCC_WARN_UNUSED_VARIABLE = YES;
				IPHONEOS_DEPLOYMENT_TARGET = 14.0;
				MTL_ENABLE_DEBUG_INFO = NO;
				MTL_FAST_MATH = YES;
				SDKROOT = iphoneos;
				SWIFT_COMPILATION_MODE = wholemodule;
				SWIFT_OPTIMIZATION_LEVEL = "-O";
				VALIDATE_PRODUCT = YES;
			};
			name = Release;
		};
		1E1766E029364AF1003A8DD6 /* Debug */ = {
			isa = XCBuildConfiguration;
			buildSettings = {
				ASSETCATALOG_COMPILER_APPICON_NAME = AppIcon;
				ASSETCATALOG_COMPILER_GLOBAL_ACCENT_COLOR_NAME = AccentColor;
				CODE_SIGN_STYLE = Automatic;
				CURRENT_PROJECT_VERSION = 1;
				DEVELOPMENT_TEAM = 4FTFKXF8N5;
				GENERATE_INFOPLIST_FILE = YES;
				INFOPLIST_FILE = GitHubRepository/Info.plist;
				INFOPLIST_KEY_UIApplicationSupportsIndirectInputEvents = YES;
				INFOPLIST_KEY_UILaunchStoryboardName = LaunchScreen;
				INFOPLIST_KEY_UIMainStoryboardFile = LaunchScreen;
				INFOPLIST_KEY_UISupportedInterfaceOrientations_iPad = "UIInterfaceOrientationPortrait UIInterfaceOrientationPortraitUpsideDown UIInterfaceOrientationLandscapeLeft UIInterfaceOrientationLandscapeRight";
				INFOPLIST_KEY_UISupportedInterfaceOrientations_iPhone = "UIInterfaceOrientationPortrait UIInterfaceOrientationLandscapeLeft UIInterfaceOrientationLandscapeRight";
				LD_RUNPATH_SEARCH_PATHS = (
					"$(inherited)",
					"@executable_path/Frameworks",
				);
				MARKETING_VERSION = 1.0;
				PRODUCT_BUNDLE_IDENTIFIER = com.jeongminkim.GitHubRepository;
				PRODUCT_NAME = "$(TARGET_NAME)";
				SWIFT_EMIT_LOC_STRINGS = YES;
				SWIFT_VERSION = 5.0;
				TARGETED_DEVICE_FAMILY = "1,2";
			};
			name = Debug;
		};
		1E1766E129364AF1003A8DD6 /* Release */ = {
			isa = XCBuildConfiguration;
			buildSettings = {
				ASSETCATALOG_COMPILER_APPICON_NAME = AppIcon;
				ASSETCATALOG_COMPILER_GLOBAL_ACCENT_COLOR_NAME = AccentColor;
				CODE_SIGN_STYLE = Automatic;
				CURRENT_PROJECT_VERSION = 1;
				DEVELOPMENT_TEAM = 4FTFKXF8N5;
				GENERATE_INFOPLIST_FILE = YES;
				INFOPLIST_FILE = GitHubRepository/Info.plist;
				INFOPLIST_KEY_UIApplicationSupportsIndirectInputEvents = YES;
				INFOPLIST_KEY_UILaunchStoryboardName = LaunchScreen;
				INFOPLIST_KEY_UIMainStoryboardFile = LaunchScreen;
				INFOPLIST_KEY_UISupportedInterfaceOrientations_iPad = "UIInterfaceOrientationPortrait UIInterfaceOrientationPortraitUpsideDown UIInterfaceOrientationLandscapeLeft UIInterfaceOrientationLandscapeRight";
				INFOPLIST_KEY_UISupportedInterfaceOrientations_iPhone = "UIInterfaceOrientationPortrait UIInterfaceOrientationLandscapeLeft UIInterfaceOrientationLandscapeRight";
				LD_RUNPATH_SEARCH_PATHS = (
					"$(inherited)",
					"@executable_path/Frameworks",
				);
				MARKETING_VERSION = 1.0;
				PRODUCT_BUNDLE_IDENTIFIER = com.jeongminkim.GitHubRepository;
				PRODUCT_NAME = "$(TARGET_NAME)";
				SWIFT_EMIT_LOC_STRINGS = YES;
				SWIFT_VERSION = 5.0;
				TARGETED_DEVICE_FAMILY = "1,2";
			};
			name = Release;
		};
/* End XCBuildConfiguration section */

/* Begin XCConfigurationList section */
		1E1766C629364AEF003A8DD6 /* Build configuration list for PBXProject "GitHubRepository" */ = {
			isa = XCConfigurationList;
			buildConfigurations = (
				1E1766DD29364AF1003A8DD6 /* Debug */,
				1E1766DE29364AF1003A8DD6 /* Release */,
			);
			defaultConfigurationIsVisible = 0;
			defaultConfigurationName = Release;
		};
		1E1766DF29364AF1003A8DD6 /* Build configuration list for PBXNativeTarget "GitHubRepository" */ = {
			isa = XCConfigurationList;
			buildConfigurations = (
				1E1766E029364AF1003A8DD6 /* Debug */,
				1E1766E129364AF1003A8DD6 /* Release */,
			);
			defaultConfigurationIsVisible = 0;
			defaultConfigurationName = Release;
		};
/* End XCConfigurationList section */

/* Begin XCRemoteSwiftPackageReference section */
		1E1766E229364B3D003A8DD6 /* XCRemoteSwiftPackageReference "RxSwift" */ = {
			isa = XCRemoteSwiftPackageReference;
			repositoryURL = "https://github.com/ReactiveX/RxSwift.git";
			requirement = {
				branch = main;
				kind = branch;
			};
		};
		1E1766E929364B49003A8DD6 /* XCRemoteSwiftPackageReference "SnapKit" */ = {
			isa = XCRemoteSwiftPackageReference;
			repositoryURL = "https://github.com/SnapKit/SnapKit.git";
			requirement = {
				branch = develop;
				kind = branch;
			};
		};
		1E637CE9297044DD005F25A6 /* XCRemoteSwiftPackageReference "Alamofire" */ = {
			isa = XCRemoteSwiftPackageReference;
			repositoryURL = "https://github.com/Alamofire/Alamofire.git";
			requirement = {
				kind = upToNextMajorVersion;
				minimumVersion = 5.0.0;
			};
		};
/* End XCRemoteSwiftPackageReference section */

/* Begin XCSwiftPackageProductDependency section */
		1E1766E329364B3D003A8DD6 /* RxCocoa */ = {
			isa = XCSwiftPackageProductDependency;
			package = 1E1766E229364B3D003A8DD6 /* XCRemoteSwiftPackageReference "RxSwift" */;
			productName = RxCocoa;
		};
		1E1766E529364B3D003A8DD6 /* RxRelay */ = {
			isa = XCSwiftPackageProductDependency;
			package = 1E1766E229364B3D003A8DD6 /* XCRemoteSwiftPackageReference "RxSwift" */;
			productName = RxRelay;
		};
		1E1766E729364B3D003A8DD6 /* RxSwift */ = {
			isa = XCSwiftPackageProductDependency;
			package = 1E1766E229364B3D003A8DD6 /* XCRemoteSwiftPackageReference "RxSwift" */;
			productName = RxSwift;
		};
		1E1766EA29364B49003A8DD6 /* SnapKit */ = {
			isa = XCSwiftPackageProductDependency;
			package = 1E1766E929364B49003A8DD6 /* XCRemoteSwiftPackageReference "SnapKit" */;
			productName = SnapKit;
		};
		1E637CEA297044DD005F25A6 /* Alamofire */ = {
			isa = XCSwiftPackageProductDependency;
			package = 1E637CE9297044DD005F25A6 /* XCRemoteSwiftPackageReference "Alamofire" */;
			productName = Alamofire;
		};
/* End XCSwiftPackageProductDependency section */
	};
	rootObject = 1E1766C329364AEF003A8DD6 /* Project object */;
}
