// !$*UTF8*$!
{
	archiveVersion = 1;
	classes = {
	};
	objectVersion = 56;
	objects = {

/* Begin PBXBuildFile section */
		1EFEBD2429D462CB005EC83D /* AppDelegate.swift in Sources */ = {isa = PBXBuildFile; fileRef = 1EFEBD2329D462CB005EC83D /* AppDelegate.swift */; };
		1EFEBD2629D462CB005EC83D /* SceneDelegate.swift in Sources */ = {isa = PBXBuildFile; fileRef = 1EFEBD2529D462CB005EC83D /* SceneDelegate.swift */; };
		1EFEBD2829D462CB005EC83D /* ViewController.swift in Sources */ = {isa = PBXBuildFile; fileRef = 1EFEBD2729D462CB005EC83D /* ViewController.swift */; };
		1EFEBD2D29D462CD005EC83D /* Assets.xcassets in Resources */ = {isa = PBXBuildFile; fileRef = 1EFEBD2C29D462CD005EC83D /* Assets.xcassets */; };
		1EFEBD3029D462CD005EC83D /* LaunchScreen.storyboard in Resources */ = {isa = PBXBuildFile; fileRef = 1EFEBD2E29D462CD005EC83D /* LaunchScreen.storyboard */; };
		1EFEBD3B29D462CD005EC83D /* LearnTestCodeByDoingTests.swift in Sources */ = {isa = PBXBuildFile; fileRef = 1EFEBD3A29D462CD005EC83D /* LearnTestCodeByDoingTests.swift */; };
		1EFEBD4529D462CD005EC83D /* LearnTestCodeByDoingUITests.swift in Sources */ = {isa = PBXBuildFile; fileRef = 1EFEBD4429D462CD005EC83D /* LearnTestCodeByDoingUITests.swift */; };
		1EFEBD4729D462CD005EC83D /* LearnTestCodeByDoingUITestsLaunchTests.swift in Sources */ = {isa = PBXBuildFile; fileRef = 1EFEBD4629D462CD005EC83D /* LearnTestCodeByDoingUITestsLaunchTests.swift */; };
		1EFEBD5929D464F5005EC83D /* RepositorySearchResult.swift in Sources */ = {isa = PBXBuildFile; fileRef = 1EFEBD5829D464F5005EC83D /* RepositorySearchResult.swift */; };
		1EFEBD5B29D46500005EC83D /* Repository.swift in Sources */ = {isa = PBXBuildFile; fileRef = 1EFEBD5A29D46500005EC83D /* Repository.swift */; };
		1EFEBD5E29D46613005EC83D /* GitHubRepositorySearchService.swift in Sources */ = {isa = PBXBuildFile; fileRef = 1EFEBD5D29D46613005EC83D /* GitHubRepositorySearchService.swift */; };
		1EFEBD6129D466EF005EC83D /* RepositoryListViewModel.swift in Sources */ = {isa = PBXBuildFile; fileRef = 1EFEBD6029D466EF005EC83D /* RepositoryListViewModel.swift */; };
		1EFEBD6329D466FA005EC83D /* RepositoryListViewController.swift in Sources */ = {isa = PBXBuildFile; fileRef = 1EFEBD6229D466FA005EC83D /* RepositoryListViewController.swift */; };
/* End PBXBuildFile section */

/* Begin PBXContainerItemProxy section */
		1EFEBD3729D462CD005EC83D /* PBXContainerItemProxy */ = {
			isa = PBXContainerItemProxy;
			containerPortal = 1EFEBD1829D462CB005EC83D /* Project object */;
			proxyType = 1;
			remoteGlobalIDString = 1EFEBD1F29D462CB005EC83D;
			remoteInfo = LearnTestCodeByDoing;
		};
		1EFEBD4129D462CD005EC83D /* PBXContainerItemProxy */ = {
			isa = PBXContainerItemProxy;
			containerPortal = 1EFEBD1829D462CB005EC83D /* Project object */;
			proxyType = 1;
			remoteGlobalIDString = 1EFEBD1F29D462CB005EC83D;
			remoteInfo = LearnTestCodeByDoing;
		};
/* End PBXContainerItemProxy section */

/* Begin PBXFileReference section */
		1EFEBD2029D462CB005EC83D /* LearnTestCodeByDoing.app */ = {isa = PBXFileReference; explicitFileType = wrapper.application; includeInIndex = 0; path = LearnTestCodeByDoing.app; sourceTree = BUILT_PRODUCTS_DIR; };
		1EFEBD2329D462CB005EC83D /* AppDelegate.swift */ = {isa = PBXFileReference; lastKnownFileType = sourcecode.swift; path = AppDelegate.swift; sourceTree = "<group>"; };
		1EFEBD2529D462CB005EC83D /* SceneDelegate.swift */ = {isa = PBXFileReference; lastKnownFileType = sourcecode.swift; path = SceneDelegate.swift; sourceTree = "<group>"; };
		1EFEBD2729D462CB005EC83D /* ViewController.swift */ = {isa = PBXFileReference; lastKnownFileType = sourcecode.swift; path = ViewController.swift; sourceTree = "<group>"; };
		1EFEBD2C29D462CD005EC83D /* Assets.xcassets */ = {isa = PBXFileReference; lastKnownFileType = folder.assetcatalog; path = Assets.xcassets; sourceTree = "<group>"; };
		1EFEBD2F29D462CD005EC83D /* Base */ = {isa = PBXFileReference; lastKnownFileType = file.storyboard; name = Base; path = Base.lproj/LaunchScreen.storyboard; sourceTree = "<group>"; };
		1EFEBD3129D462CD005EC83D /* Info.plist */ = {isa = PBXFileReference; lastKnownFileType = text.plist.xml; path = Info.plist; sourceTree = "<group>"; };
		1EFEBD3629D462CD005EC83D /* LearnTestCodeByDoingTests.xctest */ = {isa = PBXFileReference; explicitFileType = wrapper.cfbundle; includeInIndex = 0; path = LearnTestCodeByDoingTests.xctest; sourceTree = BUILT_PRODUCTS_DIR; };
		1EFEBD3A29D462CD005EC83D /* LearnTestCodeByDoingTests.swift */ = {isa = PBXFileReference; lastKnownFileType = sourcecode.swift; path = LearnTestCodeByDoingTests.swift; sourceTree = "<group>"; };
		1EFEBD4029D462CD005EC83D /* LearnTestCodeByDoingUITests.xctest */ = {isa = PBXFileReference; explicitFileType = wrapper.cfbundle; includeInIndex = 0; path = LearnTestCodeByDoingUITests.xctest; sourceTree = BUILT_PRODUCTS_DIR; };
		1EFEBD4429D462CD005EC83D /* LearnTestCodeByDoingUITests.swift */ = {isa = PBXFileReference; lastKnownFileType = sourcecode.swift; path = LearnTestCodeByDoingUITests.swift; sourceTree = "<group>"; };
		1EFEBD4629D462CD005EC83D /* LearnTestCodeByDoingUITestsLaunchTests.swift */ = {isa = PBXFileReference; lastKnownFileType = sourcecode.swift; path = LearnTestCodeByDoingUITestsLaunchTests.swift; sourceTree = "<group>"; };
		1EFEBD5829D464F5005EC83D /* RepositorySearchResult.swift */ = {isa = PBXFileReference; lastKnownFileType = sourcecode.swift; path = RepositorySearchResult.swift; sourceTree = "<group>"; };
		1EFEBD5A29D46500005EC83D /* Repository.swift */ = {isa = PBXFileReference; lastKnownFileType = sourcecode.swift; path = Repository.swift; sourceTree = "<group>"; };
		1EFEBD5D29D46613005EC83D /* GitHubRepositorySearchService.swift */ = {isa = PBXFileReference; lastKnownFileType = sourcecode.swift; path = GitHubRepositorySearchService.swift; sourceTree = "<group>"; };
		1EFEBD6029D466EF005EC83D /* RepositoryListViewModel.swift */ = {isa = PBXFileReference; lastKnownFileType = sourcecode.swift; path = RepositoryListViewModel.swift; sourceTree = "<group>"; };
		1EFEBD6229D466FA005EC83D /* RepositoryListViewController.swift */ = {isa = PBXFileReference; lastKnownFileType = sourcecode.swift; path = RepositoryListViewController.swift; sourceTree = "<group>"; };
/* End PBXFileReference section */

/* Begin PBXFrameworksBuildPhase section */
		1EFEBD1D29D462CB005EC83D /* Frameworks */ = {
			isa = PBXFrameworksBuildPhase;
			buildActionMask = 2147483647;
			files = (
			);
			runOnlyForDeploymentPostprocessing = 0;
		};
		1EFEBD3329D462CD005EC83D /* Frameworks */ = {
			isa = PBXFrameworksBuildPhase;
			buildActionMask = 2147483647;
			files = (
			);
			runOnlyForDeploymentPostprocessing = 0;
		};
		1EFEBD3D29D462CD005EC83D /* Frameworks */ = {
			isa = PBXFrameworksBuildPhase;
			buildActionMask = 2147483647;
			files = (
			);
			runOnlyForDeploymentPostprocessing = 0;
		};
/* End PBXFrameworksBuildPhase section */

/* Begin PBXGroup section */
		1EFEBD1729D462CB005EC83D = {
			isa = PBXGroup;
			children = (
				1EFEBD2229D462CB005EC83D /* LearnTestCodeByDoing */,
				1EFEBD3929D462CD005EC83D /* LearnTestCodeByDoingTests */,
				1EFEBD4329D462CD005EC83D /* LearnTestCodeByDoingUITests */,
				1EFEBD2129D462CB005EC83D /* Products */,
			);
			sourceTree = "<group>";
		};
		1EFEBD2129D462CB005EC83D /* Products */ = {
			isa = PBXGroup;
			children = (
				1EFEBD2029D462CB005EC83D /* LearnTestCodeByDoing.app */,
				1EFEBD3629D462CD005EC83D /* LearnTestCodeByDoingTests.xctest */,
				1EFEBD4029D462CD005EC83D /* LearnTestCodeByDoingUITests.xctest */,
			);
			name = Products;
			sourceTree = "<group>";
		};
		1EFEBD2229D462CB005EC83D /* LearnTestCodeByDoing */ = {
			isa = PBXGroup;
			children = (
				1EFEBD5729D46303005EC83D /* Entry */,
				1EFEBD5629D462FE005EC83D /* Model */,
				1EFEBD5529D462F8005EC83D /* Resource */,
				1EFEBD5429D462F2005EC83D /* Scene */,
				1EFEBD5329D462EC005EC83D /* Service */,
				1EFEBD2729D462CB005EC83D /* ViewController.swift */,
			);
			path = LearnTestCodeByDoing;
			sourceTree = "<group>";
		};
		1EFEBD3929D462CD005EC83D /* LearnTestCodeByDoingTests */ = {
			isa = PBXGroup;
			children = (
				1EFEBD3A29D462CD005EC83D /* LearnTestCodeByDoingTests.swift */,
			);
			path = LearnTestCodeByDoingTests;
			sourceTree = "<group>";
		};
		1EFEBD4329D462CD005EC83D /* LearnTestCodeByDoingUITests */ = {
			isa = PBXGroup;
			children = (
				1EFEBD4429D462CD005EC83D /* LearnTestCodeByDoingUITests.swift */,
				1EFEBD4629D462CD005EC83D /* LearnTestCodeByDoingUITestsLaunchTests.swift */,
			);
			path = LearnTestCodeByDoingUITests;
			sourceTree = "<group>";
		};
		1EFEBD5329D462EC005EC83D /* Service */ = {
			isa = PBXGroup;
			children = (
				1EFEBD5C29D465FD005EC83D /* RepositorySearch */,
			);
			path = Service;
			sourceTree = "<group>";
		};
		1EFEBD5429D462F2005EC83D /* Scene */ = {
			isa = PBXGroup;
			children = (
				1EFEBD5F29D466DF005EC83D /* RepositoryList */,
			);
			path = Scene;
			sourceTree = "<group>";
		};
		1EFEBD5529D462F8005EC83D /* Resource */ = {
			isa = PBXGroup;
			children = (
				1EFEBD2C29D462CD005EC83D /* Assets.xcassets */,
				1EFEBD2E29D462CD005EC83D /* LaunchScreen.storyboard */,
				1EFEBD3129D462CD005EC83D /* Info.plist */,
			);
			path = Resource;
			sourceTree = "<group>";
		};
		1EFEBD5629D462FE005EC83D /* Model */ = {
			isa = PBXGroup;
			children = (
				1EFEBD5A29D46500005EC83D /* Repository.swift */,
				1EFEBD5829D464F5005EC83D /* RepositorySearchResult.swift */,
			);
			path = Model;
			sourceTree = "<group>";
		};
		1EFEBD5729D46303005EC83D /* Entry */ = {
			isa = PBXGroup;
			children = (
				1EFEBD2329D462CB005EC83D /* AppDelegate.swift */,
				1EFEBD2529D462CB005EC83D /* SceneDelegate.swift */,
			);
			path = Entry;
			sourceTree = "<group>";
		};
		1EFEBD5C29D465FD005EC83D /* RepositorySearch */ = {
			isa = PBXGroup;
			children = (
				1EFEBD5D29D46613005EC83D /* GitHubRepositorySearchService.swift */,
			);
			path = RepositorySearch;
			sourceTree = "<group>";
		};
		1EFEBD5F29D466DF005EC83D /* RepositoryList */ = {
			isa = PBXGroup;
			children = (
				1EFEBD6229D466FA005EC83D /* RepositoryListViewController.swift */,
				1EFEBD6029D466EF005EC83D /* RepositoryListViewModel.swift */,
			);
			path = RepositoryList;
			sourceTree = "<group>";
		};
/* End PBXGroup section */

/* Begin PBXNativeTarget section */
		1EFEBD1F29D462CB005EC83D /* LearnTestCodeByDoing */ = {
			isa = PBXNativeTarget;
			buildConfigurationList = 1EFEBD4A29D462CD005EC83D /* Build configuration list for PBXNativeTarget "LearnTestCodeByDoing" */;
			buildPhases = (
				1EFEBD1C29D462CB005EC83D /* Sources */,
				1EFEBD1D29D462CB005EC83D /* Frameworks */,
				1EFEBD1E29D462CB005EC83D /* Resources */,
			);
			buildRules = (
			);
			dependencies = (
			);
			name = LearnTestCodeByDoing;
			productName = LearnTestCodeByDoing;
			productReference = 1EFEBD2029D462CB005EC83D /* LearnTestCodeByDoing.app */;
			productType = "com.apple.product-type.application";
		};
		1EFEBD3529D462CD005EC83D /* LearnTestCodeByDoingTests */ = {
			isa = PBXNativeTarget;
			buildConfigurationList = 1EFEBD4D29D462CD005EC83D /* Build configuration list for PBXNativeTarget "LearnTestCodeByDoingTests" */;
			buildPhases = (
				1EFEBD3229D462CD005EC83D /* Sources */,
				1EFEBD3329D462CD005EC83D /* Frameworks */,
				1EFEBD3429D462CD005EC83D /* Resources */,
			);
			buildRules = (
			);
			dependencies = (
				1EFEBD3829D462CD005EC83D /* PBXTargetDependency */,
			);
			name = LearnTestCodeByDoingTests;
			productName = LearnTestCodeByDoingTests;
			productReference = 1EFEBD3629D462CD005EC83D /* LearnTestCodeByDoingTests.xctest */;
			productType = "com.apple.product-type.bundle.unit-test";
		};
		1EFEBD3F29D462CD005EC83D /* LearnTestCodeByDoingUITests */ = {
			isa = PBXNativeTarget;
			buildConfigurationList = 1EFEBD5029D462CD005EC83D /* Build configuration list for PBXNativeTarget "LearnTestCodeByDoingUITests" */;
			buildPhases = (
				1EFEBD3C29D462CD005EC83D /* Sources */,
				1EFEBD3D29D462CD005EC83D /* Frameworks */,
				1EFEBD3E29D462CD005EC83D /* Resources */,
			);
			buildRules = (
			);
			dependencies = (
				1EFEBD4229D462CD005EC83D /* PBXTargetDependency */,
			);
			name = LearnTestCodeByDoingUITests;
			productName = LearnTestCodeByDoingUITests;
			productReference = 1EFEBD4029D462CD005EC83D /* LearnTestCodeByDoingUITests.xctest */;
			productType = "com.apple.product-type.bundle.ui-testing";
		};
/* End PBXNativeTarget section */

/* Begin PBXProject section */
		1EFEBD1829D462CB005EC83D /* Project object */ = {
			isa = PBXProject;
			attributes = {
				BuildIndependentTargetsInParallel = 1;
				LastSwiftUpdateCheck = 1420;
				LastUpgradeCheck = 1420;
				TargetAttributes = {
					1EFEBD1F29D462CB005EC83D = {
						CreatedOnToolsVersion = 14.2;
					};
					1EFEBD3529D462CD005EC83D = {
						CreatedOnToolsVersion = 14.2;
						TestTargetID = 1EFEBD1F29D462CB005EC83D;
					};
					1EFEBD3F29D462CD005EC83D = {
						CreatedOnToolsVersion = 14.2;
						TestTargetID = 1EFEBD1F29D462CB005EC83D;
					};
				};
			};
			buildConfigurationList = 1EFEBD1B29D462CB005EC83D /* Build configuration list for PBXProject "LearnTestCodeByDoing" */;
			compatibilityVersion = "Xcode 14.0";
			developmentRegion = en;
			hasScannedForEncodings = 0;
			knownRegions = (
				en,
				Base,
			);
			mainGroup = 1EFEBD1729D462CB005EC83D;
			productRefGroup = 1EFEBD2129D462CB005EC83D /* Products */;
			projectDirPath = "";
			projectRoot = "";
			targets = (
				1EFEBD1F29D462CB005EC83D /* LearnTestCodeByDoing */,
				1EFEBD3529D462CD005EC83D /* LearnTestCodeByDoingTests */,
				1EFEBD3F29D462CD005EC83D /* LearnTestCodeByDoingUITests */,
			);
		};
/* End PBXProject section */

/* Begin PBXResourcesBuildPhase section */
		1EFEBD1E29D462CB005EC83D /* Resources */ = {
			isa = PBXResourcesBuildPhase;
			buildActionMask = 2147483647;
			files = (
				1EFEBD3029D462CD005EC83D /* LaunchScreen.storyboard in Resources */,
				1EFEBD2D29D462CD005EC83D /* Assets.xcassets in Resources */,
			);
			runOnlyForDeploymentPostprocessing = 0;
		};
		1EFEBD3429D462CD005EC83D /* Resources */ = {
			isa = PBXResourcesBuildPhase;
			buildActionMask = 2147483647;
			files = (
			);
			runOnlyForDeploymentPostprocessing = 0;
		};
		1EFEBD3E29D462CD005EC83D /* Resources */ = {
			isa = PBXResourcesBuildPhase;
			buildActionMask = 2147483647;
			files = (
			);
			runOnlyForDeploymentPostprocessing = 0;
		};
/* End PBXResourcesBuildPhase section */

/* Begin PBXSourcesBuildPhase section */
		1EFEBD1C29D462CB005EC83D /* Sources */ = {
			isa = PBXSourcesBuildPhase;
			buildActionMask = 2147483647;
			files = (
				1EFEBD6329D466FA005EC83D /* RepositoryListViewController.swift in Sources */,
				1EFEBD5929D464F5005EC83D /* RepositorySearchResult.swift in Sources */,
				1EFEBD2829D462CB005EC83D /* ViewController.swift in Sources */,
				1EFEBD5E29D46613005EC83D /* GitHubRepositorySearchService.swift in Sources */,
				1EFEBD5B29D46500005EC83D /* Repository.swift in Sources */,
				1EFEBD2429D462CB005EC83D /* AppDelegate.swift in Sources */,
				1EFEBD2629D462CB005EC83D /* SceneDelegate.swift in Sources */,
				1EFEBD6129D466EF005EC83D /* RepositoryListViewModel.swift in Sources */,
			);
			runOnlyForDeploymentPostprocessing = 0;
		};
		1EFEBD3229D462CD005EC83D /* Sources */ = {
			isa = PBXSourcesBuildPhase;
			buildActionMask = 2147483647;
			files = (
				1EFEBD3B29D462CD005EC83D /* LearnTestCodeByDoingTests.swift in Sources */,
			);
			runOnlyForDeploymentPostprocessing = 0;
		};
		1EFEBD3C29D462CD005EC83D /* Sources */ = {
			isa = PBXSourcesBuildPhase;
			buildActionMask = 2147483647;
			files = (
				1EFEBD4529D462CD005EC83D /* LearnTestCodeByDoingUITests.swift in Sources */,
				1EFEBD4729D462CD005EC83D /* LearnTestCodeByDoingUITestsLaunchTests.swift in Sources */,
			);
			runOnlyForDeploymentPostprocessing = 0;
		};
/* End PBXSourcesBuildPhase section */

/* Begin PBXTargetDependency section */
		1EFEBD3829D462CD005EC83D /* PBXTargetDependency */ = {
			isa = PBXTargetDependency;
			target = 1EFEBD1F29D462CB005EC83D /* LearnTestCodeByDoing */;
			targetProxy = 1EFEBD3729D462CD005EC83D /* PBXContainerItemProxy */;
		};
		1EFEBD4229D462CD005EC83D /* PBXTargetDependency */ = {
			isa = PBXTargetDependency;
			target = 1EFEBD1F29D462CB005EC83D /* LearnTestCodeByDoing */;
			targetProxy = 1EFEBD4129D462CD005EC83D /* PBXContainerItemProxy */;
		};
/* End PBXTargetDependency section */

/* Begin PBXVariantGroup section */
		1EFEBD2E29D462CD005EC83D /* LaunchScreen.storyboard */ = {
			isa = PBXVariantGroup;
			children = (
				1EFEBD2F29D462CD005EC83D /* Base */,
			);
			name = LaunchScreen.storyboard;
			sourceTree = "<group>";
		};
/* End PBXVariantGroup section */

/* Begin XCBuildConfiguration section */
		1EFEBD4829D462CD005EC83D /* Debug */ = {
			isa = XCBuildConfiguration;
			buildSettings = {
				ALWAYS_SEARCH_USER_PATHS = NO;
				CLANG_ANALYZER_NONNULL = YES;
				CLANG_ANALYZER_NUMBER_OBJECT_CONVERSION = YES_AGGRESSIVE;
				CLANG_CXX_LANGUAGE_STANDARD = "gnu++20";
				CLANG_ENABLE_MODULES = YES;
				CLANG_ENABLE_OBJC_ARC = YES;
				CLANG_ENABLE_OBJC_WEAK = YES;
				CLANG_WARN_BLOCK_CAPTURE_AUTORELEASING = YES;
				CLANG_WARN_BOOL_CONVERSION = YES;
				CLANG_WARN_COMMA = YES;
				CLANG_WARN_CONSTANT_CONVERSION = YES;
				CLANG_WARN_DEPRECATED_OBJC_IMPLEMENTATIONS = YES;
				CLANG_WARN_DIRECT_OBJC_ISA_USAGE = YES_ERROR;
				CLANG_WARN_DOCUMENTATION_COMMENTS = YES;
				CLANG_WARN_EMPTY_BODY = YES;
				CLANG_WARN_ENUM_CONVERSION = YES;
				CLANG_WARN_INFINITE_RECURSION = YES;
				CLANG_WARN_INT_CONVERSION = YES;
				CLANG_WARN_NON_LITERAL_NULL_CONVERSION = YES;
				CLANG_WARN_OBJC_IMPLICIT_RETAIN_SELF = YES;
				CLANG_WARN_OBJC_LITERAL_CONVERSION = YES;
				CLANG_WARN_OBJC_ROOT_CLASS = YES_ERROR;
				CLANG_WARN_QUOTED_INCLUDE_IN_FRAMEWORK_HEADER = YES;
				CLANG_WARN_RANGE_LOOP_ANALYSIS = YES;
				CLANG_WARN_STRICT_PROTOTYPES = YES;
				CLANG_WARN_SUSPICIOUS_MOVE = YES;
				CLANG_WARN_UNGUARDED_AVAILABILITY = YES_AGGRESSIVE;
				CLANG_WARN_UNREACHABLE_CODE = YES;
				CLANG_WARN__DUPLICATE_METHOD_MATCH = YES;
				COPY_PHASE_STRIP = NO;
				DEBUG_INFORMATION_FORMAT = dwarf;
				ENABLE_STRICT_OBJC_MSGSEND = YES;
				ENABLE_TESTABILITY = YES;
				GCC_C_LANGUAGE_STANDARD = gnu11;
				GCC_DYNAMIC_NO_PIC = NO;
				GCC_NO_COMMON_BLOCKS = YES;
				GCC_OPTIMIZATION_LEVEL = 0;
				GCC_PREPROCESSOR_DEFINITIONS = (
					"DEBUG=1",
					"$(inherited)",
				);
				GCC_WARN_64_TO_32_BIT_CONVERSION = YES;
				GCC_WARN_ABOUT_RETURN_TYPE = YES_ERROR;
				GCC_WARN_UNDECLARED_SELECTOR = YES;
				GCC_WARN_UNINITIALIZED_AUTOS = YES_AGGRESSIVE;
				GCC_WARN_UNUSED_FUNCTION = YES;
				GCC_WARN_UNUSED_VARIABLE = YES;
				IPHONEOS_DEPLOYMENT_TARGET = 16.2;
				MTL_ENABLE_DEBUG_INFO = INCLUDE_SOURCE;
				MTL_FAST_MATH = YES;
				ONLY_ACTIVE_ARCH = YES;
				SDKROOT = iphoneos;
				SWIFT_ACTIVE_COMPILATION_CONDITIONS = DEBUG;
				SWIFT_OPTIMIZATION_LEVEL = "-Onone";
			};
			name = Debug;
		};
		1EFEBD4929D462CD005EC83D /* Release */ = {
			isa = XCBuildConfiguration;
			buildSettings = {
				ALWAYS_SEARCH_USER_PATHS = NO;
				CLANG_ANALYZER_NONNULL = YES;
				CLANG_ANALYZER_NUMBER_OBJECT_CONVERSION = YES_AGGRESSIVE;
				CLANG_CXX_LANGUAGE_STANDARD = "gnu++20";
				CLANG_ENABLE_MODULES = YES;
				CLANG_ENABLE_OBJC_ARC = YES;
				CLANG_ENABLE_OBJC_WEAK = YES;
				CLANG_WARN_BLOCK_CAPTURE_AUTORELEASING = YES;
				CLANG_WARN_BOOL_CONVERSION = YES;
				CLANG_WARN_COMMA = YES;
				CLANG_WARN_CONSTANT_CONVERSION = YES;
				CLANG_WARN_DEPRECATED_OBJC_IMPLEMENTATIONS = YES;
				CLANG_WARN_DIRECT_OBJC_ISA_USAGE = YES_ERROR;
				CLANG_WARN_DOCUMENTATION_COMMENTS = YES;
				CLANG_WARN_EMPTY_BODY = YES;
				CLANG_WARN_ENUM_CONVERSION = YES;
				CLANG_WARN_INFINITE_RECURSION = YES;
				CLANG_WARN_INT_CONVERSION = YES;
				CLANG_WARN_NON_LITERAL_NULL_CONVERSION = YES;
				CLANG_WARN_OBJC_IMPLICIT_RETAIN_SELF = YES;
				CLANG_WARN_OBJC_LITERAL_CONVERSION = YES;
				CLANG_WARN_OBJC_ROOT_CLASS = YES_ERROR;
				CLANG_WARN_QUOTED_INCLUDE_IN_FRAMEWORK_HEADER = YES;
				CLANG_WARN_RANGE_LOOP_ANALYSIS = YES;
				CLANG_WARN_STRICT_PROTOTYPES = YES;
				CLANG_WARN_SUSPICIOUS_MOVE = YES;
				CLANG_WARN_UNGUARDED_AVAILABILITY = YES_AGGRESSIVE;
				CLANG_WARN_UNREACHABLE_CODE = YES;
				CLANG_WARN__DUPLICATE_METHOD_MATCH = YES;
				COPY_PHASE_STRIP = NO;
				DEBUG_INFORMATION_FORMAT = "dwarf-with-dsym";
				ENABLE_NS_ASSERTIONS = NO;
				ENABLE_STRICT_OBJC_MSGSEND = YES;
				GCC_C_LANGUAGE_STANDARD = gnu11;
				GCC_NO_COMMON_BLOCKS = YES;
				GCC_WARN_64_TO_32_BIT_CONVERSION = YES;
				GCC_WARN_ABOUT_RETURN_TYPE = YES_ERROR;
				GCC_WARN_UNDECLARED_SELECTOR = YES;
				GCC_WARN_UNINITIALIZED_AUTOS = YES_AGGRESSIVE;
				GCC_WARN_UNUSED_FUNCTION = YES;
				GCC_WARN_UNUSED_VARIABLE = YES;
				IPHONEOS_DEPLOYMENT_TARGET = 16.2;
				MTL_ENABLE_DEBUG_INFO = NO;
				MTL_FAST_MATH = YES;
				SDKROOT = iphoneos;
				SWIFT_COMPILATION_MODE = wholemodule;
				SWIFT_OPTIMIZATION_LEVEL = "-O";
				VALIDATE_PRODUCT = YES;
			};
			name = Release;
		};
		1EFEBD4B29D462CD005EC83D /* Debug */ = {
			isa = XCBuildConfiguration;
			buildSettings = {
				ASSETCATALOG_COMPILER_APPICON_NAME = AppIcon;
				ASSETCATALOG_COMPILER_GLOBAL_ACCENT_COLOR_NAME = AccentColor;
				CODE_SIGN_STYLE = Automatic;
				CURRENT_PROJECT_VERSION = 1;
				DEVELOPMENT_TEAM = 4FTFKXF8N5;
				GENERATE_INFOPLIST_FILE = YES;
				INFOPLIST_FILE = LearnTestCodeByDoing/Resource/Info.plist;
				INFOPLIST_KEY_UIApplicationSupportsIndirectInputEvents = YES;
				INFOPLIST_KEY_UILaunchStoryboardName = LaunchScreen.storyboard;
				INFOPLIST_KEY_UISupportedInterfaceOrientations_iPad = "UIInterfaceOrientationPortrait UIInterfaceOrientationPortraitUpsideDown UIInterfaceOrientationLandscapeLeft UIInterfaceOrientationLandscapeRight";
				INFOPLIST_KEY_UISupportedInterfaceOrientations_iPhone = "UIInterfaceOrientationPortrait UIInterfaceOrientationLandscapeLeft UIInterfaceOrientationLandscapeRight";
				LD_RUNPATH_SEARCH_PATHS = (
					"$(inherited)",
					"@executable_path/Frameworks",
				);
				MARKETING_VERSION = 1.0;
				PRODUCT_BUNDLE_IDENTIFIER = com.jeongminkim.LearnTestCodeByDoing;
				PRODUCT_NAME = "$(TARGET_NAME)";
				SWIFT_EMIT_LOC_STRINGS = YES;
				SWIFT_VERSION = 5.0;
				TARGETED_DEVICE_FAMILY = "1,2";
			};
			name = Debug;
		};
		1EFEBD4C29D462CD005EC83D /* Release */ = {
			isa = XCBuildConfiguration;
			buildSettings = {
				ASSETCATALOG_COMPILER_APPICON_NAME = AppIcon;
				ASSETCATALOG_COMPILER_GLOBAL_ACCENT_COLOR_NAME = AccentColor;
				CODE_SIGN_STYLE = Automatic;
				CURRENT_PROJECT_VERSION = 1;
				DEVELOPMENT_TEAM = 4FTFKXF8N5;
				GENERATE_INFOPLIST_FILE = YES;
				INFOPLIST_FILE = LearnTestCodeByDoing/Resource/Info.plist;
				INFOPLIST_KEY_UIApplicationSupportsIndirectInputEvents = YES;
				INFOPLIST_KEY_UILaunchStoryboardName = LaunchScreen.storyboard;
				INFOPLIST_KEY_UISupportedInterfaceOrientations_iPad = "UIInterfaceOrientationPortrait UIInterfaceOrientationPortraitUpsideDown UIInterfaceOrientationLandscapeLeft UIInterfaceOrientationLandscapeRight";
				INFOPLIST_KEY_UISupportedInterfaceOrientations_iPhone = "UIInterfaceOrientationPortrait UIInterfaceOrientationLandscapeLeft UIInterfaceOrientationLandscapeRight";
				LD_RUNPATH_SEARCH_PATHS = (
					"$(inherited)",
					"@executable_path/Frameworks",
				);
				MARKETING_VERSION = 1.0;
				PRODUCT_BUNDLE_IDENTIFIER = com.jeongminkim.LearnTestCodeByDoing;
				PRODUCT_NAME = "$(TARGET_NAME)";
				SWIFT_EMIT_LOC_STRINGS = YES;
				SWIFT_VERSION = 5.0;
				TARGETED_DEVICE_FAMILY = "1,2";
			};
			name = Release;
		};
		1EFEBD4E29D462CD005EC83D /* Debug */ = {
			isa = XCBuildConfiguration;
			buildSettings = {
				ALWAYS_EMBED_SWIFT_STANDARD_LIBRARIES = YES;
				BUNDLE_LOADER = "$(TEST_HOST)";
				CODE_SIGN_STYLE = Automatic;
				CURRENT_PROJECT_VERSION = 1;
				DEVELOPMENT_TEAM = 4FTFKXF8N5;
				GENERATE_INFOPLIST_FILE = YES;
				IPHONEOS_DEPLOYMENT_TARGET = 16.2;
				MARKETING_VERSION = 1.0;
				PRODUCT_BUNDLE_IDENTIFIER = com.jeongminkim.LearnTestCodeByDoingTests;
				PRODUCT_NAME = "$(TARGET_NAME)";
				SWIFT_EMIT_LOC_STRINGS = NO;
				SWIFT_VERSION = 5.0;
				TARGETED_DEVICE_FAMILY = "1,2";
				TEST_HOST = "$(BUILT_PRODUCTS_DIR)/LearnTestCodeByDoing.app/$(BUNDLE_EXECUTABLE_FOLDER_PATH)/LearnTestCodeByDoing";
			};
			name = Debug;
		};
		1EFEBD4F29D462CD005EC83D /* Release */ = {
			isa = XCBuildConfiguration;
			buildSettings = {
				ALWAYS_EMBED_SWIFT_STANDARD_LIBRARIES = YES;
				BUNDLE_LOADER = "$(TEST_HOST)";
				CODE_SIGN_STYLE = Automatic;
				CURRENT_PROJECT_VERSION = 1;
				DEVELOPMENT_TEAM = 4FTFKXF8N5;
				GENERATE_INFOPLIST_FILE = YES;
				IPHONEOS_DEPLOYMENT_TARGET = 16.2;
				MARKETING_VERSION = 1.0;
				PRODUCT_BUNDLE_IDENTIFIER = com.jeongminkim.LearnTestCodeByDoingTests;
				PRODUCT_NAME = "$(TARGET_NAME)";
				SWIFT_EMIT_LOC_STRINGS = NO;
				SWIFT_VERSION = 5.0;
				TARGETED_DEVICE_FAMILY = "1,2";
				TEST_HOST = "$(BUILT_PRODUCTS_DIR)/LearnTestCodeByDoing.app/$(BUNDLE_EXECUTABLE_FOLDER_PATH)/LearnTestCodeByDoing";
			};
			name = Release;
		};
		1EFEBD5129D462CD005EC83D /* Debug */ = {
			isa = XCBuildConfiguration;
			buildSettings = {
				ALWAYS_EMBED_SWIFT_STANDARD_LIBRARIES = YES;
				CODE_SIGN_STYLE = Automatic;
				CURRENT_PROJECT_VERSION = 1;
				DEVELOPMENT_TEAM = 4FTFKXF8N5;
				GENERATE_INFOPLIST_FILE = YES;
				MARKETING_VERSION = 1.0;
				PRODUCT_BUNDLE_IDENTIFIER = com.jeongminkim.LearnTestCodeByDoingUITests;
				PRODUCT_NAME = "$(TARGET_NAME)";
				SWIFT_EMIT_LOC_STRINGS = NO;
				SWIFT_VERSION = 5.0;
				TARGETED_DEVICE_FAMILY = "1,2";
				TEST_TARGET_NAME = LearnTestCodeByDoing;
			};
			name = Debug;
		};
		1EFEBD5229D462CD005EC83D /* Release */ = {
			isa = XCBuildConfiguration;
			buildSettings = {
				ALWAYS_EMBED_SWIFT_STANDARD_LIBRARIES = YES;
				CODE_SIGN_STYLE = Automatic;
				CURRENT_PROJECT_VERSION = 1;
				DEVELOPMENT_TEAM = 4FTFKXF8N5;
				GENERATE_INFOPLIST_FILE = YES;
				MARKETING_VERSION = 1.0;
				PRODUCT_BUNDLE_IDENTIFIER = com.jeongminkim.LearnTestCodeByDoingUITests;
				PRODUCT_NAME = "$(TARGET_NAME)";
				SWIFT_EMIT_LOC_STRINGS = NO;
				SWIFT_VERSION = 5.0;
				TARGETED_DEVICE_FAMILY = "1,2";
				TEST_TARGET_NAME = LearnTestCodeByDoing;
			};
			name = Release;
		};
/* End XCBuildConfiguration section */

/* Begin XCConfigurationList section */
		1EFEBD1B29D462CB005EC83D /* Build configuration list for PBXProject "LearnTestCodeByDoing" */ = {
			isa = XCConfigurationList;
			buildConfigurations = (
				1EFEBD4829D462CD005EC83D /* Debug */,
				1EFEBD4929D462CD005EC83D /* Release */,
			);
			defaultConfigurationIsVisible = 0;
			defaultConfigurationName = Release;
		};
		1EFEBD4A29D462CD005EC83D /* Build configuration list for PBXNativeTarget "LearnTestCodeByDoing" */ = {
			isa = XCConfigurationList;
			buildConfigurations = (
				1EFEBD4B29D462CD005EC83D /* Debug */,
				1EFEBD4C29D462CD005EC83D /* Release */,
			);
			defaultConfigurationIsVisible = 0;
			defaultConfigurationName = Release;
		};
		1EFEBD4D29D462CD005EC83D /* Build configuration list for PBXNativeTarget "LearnTestCodeByDoingTests" */ = {
			isa = XCConfigurationList;
			buildConfigurations = (
				1EFEBD4E29D462CD005EC83D /* Debug */,
				1EFEBD4F29D462CD005EC83D /* Release */,
			);
			defaultConfigurationIsVisible = 0;
			defaultConfigurationName = Release;
		};
		1EFEBD5029D462CD005EC83D /* Build configuration list for PBXNativeTarget "LearnTestCodeByDoingUITests" */ = {
			isa = XCConfigurationList;
			buildConfigurations = (
				1EFEBD5129D462CD005EC83D /* Debug */,
				1EFEBD5229D462CD005EC83D /* Release */,
			);
			defaultConfigurationIsVisible = 0;
			defaultConfigurationName = Release;
		};
/* End XCConfigurationList section */
	};
	rootObject = 1EFEBD1829D462CB005EC83D /* Project object */;
}
