// !$*UTF8*$!
{
	archiveVersion = 1;
	classes = {
	};
	objectVersion = 56;
	objects = {

/* Begin PBXBuildFile section */
		1EF8B0E729E785BC00BC213B /* TodoAppTutorialApp.swift in Sources */ = {isa = PBXBuildFile; fileRef = 1EF8B0E629E785BC00BC213B /* TodoAppTutorialApp.swift */; };
		1EF8B0E929E785BC00BC213B /* ContentView.swift in Sources */ = {isa = PBXBuildFile; fileRef = 1EF8B0E829E785BC00BC213B /* ContentView.swift */; };
		1EF8B0EB29E785BE00BC213B /* Assets.xcassets in Resources */ = {isa = PBXBuildFile; fileRef = 1EF8B0EA29E785BE00BC213B /* Assets.xcassets */; };
		1EF8B0EE29E785BE00BC213B /* Preview Assets.xcassets in Resources */ = {isa = PBXBuildFile; fileRef = 1EF8B0ED29E785BE00BC213B /* Preview Assets.xcassets */; };
		1EF8B0F629E787C100BC213B /* MainVC.storyboard in Resources */ = {isa = PBXBuildFile; fileRef = 1EF8B0F529E787C100BC213B /* MainVC.storyboard */; };
		1EF8B0F829E787CD00BC213B /* MainVC.swift in Sources */ = {isa = PBXBuildFile; fileRef = 1EF8B0F729E787CD00BC213B /* MainVC.swift */; };
		1EF8B0FA29E78D7100BC213B /* TodoCell.xib in Resources */ = {isa = PBXBuildFile; fileRef = 1EF8B0F929E78D7100BC213B /* TodoCell.xib */; };
		1EF8B0FC29E78FD300BC213B /* TodoCell.swift in Sources */ = {isa = PBXBuildFile; fileRef = 1EF8B0FB29E78FD300BC213B /* TodoCell.swift */; };
		1EF8B0FE29E7975C00BC213B /* TodosView.swift in Sources */ = {isa = PBXBuildFile; fileRef = 1EF8B0FD29E7975C00BC213B /* TodosView.swift */; };
		1EF8B10129E799A300BC213B /* ButtonStyle.swift in Sources */ = {isa = PBXBuildFile; fileRef = 1EF8B10029E799A300BC213B /* ButtonStyle.swift */; };
		1EF8B10429E79C8500BC213B /* UISearchBarWrapper.swift in Sources */ = {isa = PBXBuildFile; fileRef = 1EF8B10329E79C8500BC213B /* UISearchBarWrapper.swift */; };
		1EF8B10629E79D6C00BC213B /* TodoRow.swift in Sources */ = {isa = PBXBuildFile; fileRef = 1EF8B10529E79D6C00BC213B /* TodoRow.swift */; };
		1EF8B10929E7C04400BC213B /* TodosAPI.swift in Sources */ = {isa = PBXBuildFile; fileRef = 1EF8B10829E7C04400BC213B /* TodosAPI.swift */; };
		1EF8B10B29E7C27700BC213B /* TodosVM.swift in Sources */ = {isa = PBXBuildFile; fileRef = 1EF8B10A29E7C27700BC213B /* TodosVM.swift */; };
		1EF8B10E29E7C43200BC213B /* TodosResponse.swift in Sources */ = {isa = PBXBuildFile; fileRef = 1EF8B10D29E7C43200BC213B /* TodosResponse.swift */; };
/* End PBXBuildFile section */

/* Begin PBXFileReference section */
		1EF8B0E329E785BC00BC213B /* TodoAppTutorial.app */ = {isa = PBXFileReference; explicitFileType = wrapper.application; includeInIndex = 0; path = TodoAppTutorial.app; sourceTree = BUILT_PRODUCTS_DIR; };
		1EF8B0E629E785BC00BC213B /* TodoAppTutorialApp.swift */ = {isa = PBXFileReference; lastKnownFileType = sourcecode.swift; path = TodoAppTutorialApp.swift; sourceTree = "<group>"; };
		1EF8B0E829E785BC00BC213B /* ContentView.swift */ = {isa = PBXFileReference; lastKnownFileType = sourcecode.swift; path = ContentView.swift; sourceTree = "<group>"; };
		1EF8B0EA29E785BE00BC213B /* Assets.xcassets */ = {isa = PBXFileReference; lastKnownFileType = folder.assetcatalog; path = Assets.xcassets; sourceTree = "<group>"; };
		1EF8B0ED29E785BE00BC213B /* Preview Assets.xcassets */ = {isa = PBXFileReference; lastKnownFileType = folder.assetcatalog; path = "Preview Assets.xcassets"; sourceTree = "<group>"; };
		1EF8B0F529E787C100BC213B /* MainVC.storyboard */ = {isa = PBXFileReference; lastKnownFileType = file.storyboard; path = MainVC.storyboard; sourceTree = "<group>"; };
		1EF8B0F729E787CD00BC213B /* MainVC.swift */ = {isa = PBXFileReference; lastKnownFileType = sourcecode.swift; path = MainVC.swift; sourceTree = "<group>"; };
		1EF8B0F929E78D7100BC213B /* TodoCell.xib */ = {isa = PBXFileReference; lastKnownFileType = file.xib; path = TodoCell.xib; sourceTree = "<group>"; };
		1EF8B0FB29E78FD300BC213B /* TodoCell.swift */ = {isa = PBXFileReference; lastKnownFileType = sourcecode.swift; path = TodoCell.swift; sourceTree = "<group>"; };
		1EF8B0FD29E7975C00BC213B /* TodosView.swift */ = {isa = PBXFileReference; lastKnownFileType = sourcecode.swift; path = TodosView.swift; sourceTree = "<group>"; };
		1EF8B10029E799A300BC213B /* ButtonStyle.swift */ = {isa = PBXFileReference; lastKnownFileType = sourcecode.swift; path = ButtonStyle.swift; sourceTree = "<group>"; };
		1EF8B10329E79C8500BC213B /* UISearchBarWrapper.swift */ = {isa = PBXFileReference; lastKnownFileType = sourcecode.swift; path = UISearchBarWrapper.swift; sourceTree = "<group>"; };
		1EF8B10529E79D6C00BC213B /* TodoRow.swift */ = {isa = PBXFileReference; lastKnownFileType = sourcecode.swift; path = TodoRow.swift; sourceTree = "<group>"; };
		1EF8B10829E7C04400BC213B /* TodosAPI.swift */ = {isa = PBXFileReference; lastKnownFileType = sourcecode.swift; path = TodosAPI.swift; sourceTree = "<group>"; };
		1EF8B10A29E7C27700BC213B /* TodosVM.swift */ = {isa = PBXFileReference; lastKnownFileType = sourcecode.swift; path = TodosVM.swift; sourceTree = "<group>"; };
		1EF8B10D29E7C43200BC213B /* TodosResponse.swift */ = {isa = PBXFileReference; lastKnownFileType = sourcecode.swift; path = TodosResponse.swift; sourceTree = "<group>"; };
/* End PBXFileReference section */

/* Begin PBXFrameworksBuildPhase section */
		1EF8B0E029E785BC00BC213B /* Frameworks */ = {
			isa = PBXFrameworksBuildPhase;
			buildActionMask = 2147483647;
			files = (
			);
			runOnlyForDeploymentPostprocessing = 0;
		};
/* End PBXFrameworksBuildPhase section */

/* Begin PBXGroup section */
		1EF8B0DA29E785BC00BC213B = {
			isa = PBXGroup;
			children = (
				1EF8B0E529E785BC00BC213B /* TodoAppTutorial */,
				1EF8B0E429E785BC00BC213B /* Products */,
			);
			sourceTree = "<group>";
		};
		1EF8B0E429E785BC00BC213B /* Products */ = {
			isa = PBXGroup;
			children = (
				1EF8B0E329E785BC00BC213B /* TodoAppTutorial.app */,
			);
			name = Products;
			sourceTree = "<group>";
		};
		1EF8B0E529E785BC00BC213B /* TodoAppTutorial */ = {
			isa = PBXGroup;
			children = (
				1EF8B10C29E7C42A00BC213B /* Data */,
				1EF8B10729E7C03800BC213B /* API */,
				1EF8B0FF29E7999B00BC213B /* Styles */,
				1EF8B0F429E787AC00BC213B /* UIKit */,
				1EF8B10229E79C7000BC213B /* SwiftUI */,
				1EF8B10A29E7C27700BC213B /* TodosVM.swift */,
				1EF8B0E629E785BC00BC213B /* TodoAppTutorialApp.swift */,
				1EF8B0EA29E785BE00BC213B /* Assets.xcassets */,
				1EF8B0EC29E785BE00BC213B /* Preview Content */,
			);
			path = TodoAppTutorial;
			sourceTree = "<group>";
		};
		1EF8B0EC29E785BE00BC213B /* Preview Content */ = {
			isa = PBXGroup;
			children = (
				1EF8B0ED29E785BE00BC213B /* Preview Assets.xcassets */,
			);
			path = "Preview Content";
			sourceTree = "<group>";
		};
		1EF8B0F429E787AC00BC213B /* UIKit */ = {
			isa = PBXGroup;
			children = (
				1EF8B0F529E787C100BC213B /* MainVC.storyboard */,
				1EF8B0F729E787CD00BC213B /* MainVC.swift */,
				1EF8B0F929E78D7100BC213B /* TodoCell.xib */,
				1EF8B0FB29E78FD300BC213B /* TodoCell.swift */,
			);
			path = UIKit;
			sourceTree = "<group>";
		};
		1EF8B0FF29E7999B00BC213B /* Styles */ = {
			isa = PBXGroup;
			children = (
				1EF8B10029E799A300BC213B /* ButtonStyle.swift */,
			);
			path = Styles;
			sourceTree = "<group>";
		};
		1EF8B10229E79C7000BC213B /* SwiftUI */ = {
			isa = PBXGroup;
			children = (
				1EF8B0FD29E7975C00BC213B /* TodosView.swift */,
				1EF8B10529E79D6C00BC213B /* TodoRow.swift */,
				1EF8B0E829E785BC00BC213B /* ContentView.swift */,
				1EF8B10329E79C8500BC213B /* UISearchBarWrapper.swift */,
			);
			path = SwiftUI;
			sourceTree = "<group>";
		};
		1EF8B10729E7C03800BC213B /* API */ = {
			isa = PBXGroup;
			children = (
				1EF8B10829E7C04400BC213B /* TodosAPI.swift */,
			);
			path = API;
			sourceTree = "<group>";
		};
		1EF8B10C29E7C42A00BC213B /* Data */ = {
			isa = PBXGroup;
			children = (
				1EF8B10D29E7C43200BC213B /* TodosResponse.swift */,
			);
			path = Data;
			sourceTree = "<group>";
		};
/* End PBXGroup section */

/* Begin PBXNativeTarget section */
		1EF8B0E229E785BC00BC213B /* TodoAppTutorial */ = {
			isa = PBXNativeTarget;
			buildConfigurationList = 1EF8B0F129E785BE00BC213B /* Build configuration list for PBXNativeTarget "TodoAppTutorial" */;
			buildPhases = (
				1EF8B0DF29E785BC00BC213B /* Sources */,
				1EF8B0E029E785BC00BC213B /* Frameworks */,
				1EF8B0E129E785BC00BC213B /* Resources */,
			);
			buildRules = (
			);
			dependencies = (
			);
			name = TodoAppTutorial;
			productName = TodoAppTutorial;
			productReference = 1EF8B0E329E785BC00BC213B /* TodoAppTutorial.app */;
			productType = "com.apple.product-type.application";
		};
/* End PBXNativeTarget section */

/* Begin PBXProject section */
		1EF8B0DB29E785BC00BC213B /* Project object */ = {
			isa = PBXProject;
			attributes = {
				BuildIndependentTargetsInParallel = 1;
				LastSwiftUpdateCheck = 1420;
				LastUpgradeCheck = 1420;
				TargetAttributes = {
					1EF8B0E229E785BC00BC213B = {
						CreatedOnToolsVersion = 14.2;
					};
				};
			};
			buildConfigurationList = 1EF8B0DE29E785BC00BC213B /* Build configuration list for PBXProject "TodoAppTutorial" */;
			compatibilityVersion = "Xcode 14.0";
			developmentRegion = en;
			hasScannedForEncodings = 0;
			knownRegions = (
				en,
				Base,
			);
			mainGroup = 1EF8B0DA29E785BC00BC213B;
			productRefGroup = 1EF8B0E429E785BC00BC213B /* Products */;
			projectDirPath = "";
			projectRoot = "";
			targets = (
				1EF8B0E229E785BC00BC213B /* TodoAppTutorial */,
			);
		};
/* End PBXProject section */

/* Begin PBXResourcesBuildPhase section */
		1EF8B0E129E785BC00BC213B /* Resources */ = {
			isa = PBXResourcesBuildPhase;
			buildActionMask = 2147483647;
			files = (
				1EF8B0F629E787C100BC213B /* MainVC.storyboard in Resources */,
				1EF8B0EE29E785BE00BC213B /* Preview Assets.xcassets in Resources */,
				1EF8B0EB29E785BE00BC213B /* Assets.xcassets in Resources */,
				1EF8B0FA29E78D7100BC213B /* TodoCell.xib in Resources */,
			);
			runOnlyForDeploymentPostprocessing = 0;
		};
/* End PBXResourcesBuildPhase section */

/* Begin PBXSourcesBuildPhase section */
		1EF8B0DF29E785BC00BC213B /* Sources */ = {
			isa = PBXSourcesBuildPhase;
			buildActionMask = 2147483647;
			files = (
				1EF8B10929E7C04400BC213B /* TodosAPI.swift in Sources */,
				1EF8B0FE29E7975C00BC213B /* TodosView.swift in Sources */,
				1EF8B0E929E785BC00BC213B /* ContentView.swift in Sources */,
				1EF8B10E29E7C43200BC213B /* TodosResponse.swift in Sources */,
				1EF8B0F829E787CD00BC213B /* MainVC.swift in Sources */,
				1EF8B10B29E7C27700BC213B /* TodosVM.swift in Sources */,
				1EF8B10129E799A300BC213B /* ButtonStyle.swift in Sources */,
				1EF8B0E729E785BC00BC213B /* TodoAppTutorialApp.swift in Sources */,
				1EF8B10429E79C8500BC213B /* UISearchBarWrapper.swift in Sources */,
				1EF8B10629E79D6C00BC213B /* TodoRow.swift in Sources */,
				1EF8B0FC29E78FD300BC213B /* TodoCell.swift in Sources */,
			);
			runOnlyForDeploymentPostprocessing = 0;
		};
/* End PBXSourcesBuildPhase section */

/* Begin XCBuildConfiguration section */
		1EF8B0EF29E785BE00BC213B /* Debug */ = {
			isa = XCBuildConfiguration;
			buildSettings = {
				ALWAYS_SEARCH_USER_PATHS = NO;
				CLANG_ANALYZER_NONNULL = YES;
				CLANG_ANALYZER_NUMBER_OBJECT_CONVERSION = YES_AGGRESSIVE;
				CLANG_CXX_LANGUAGE_STANDARD = "gnu++20";
				CLANG_ENABLE_MODULES = YES;
				CLANG_ENABLE_OBJC_ARC = YES;
				CLANG_ENABLE_OBJC_WEAK = YES;
				CLANG_WARN_BLOCK_CAPTURE_AUTORELEASING = YES;
				CLANG_WARN_BOOL_CONVERSION = YES;
				CLANG_WARN_COMMA = YES;
				CLANG_WARN_CONSTANT_CONVERSION = YES;
				CLANG_WARN_DEPRECATED_OBJC_IMPLEMENTATIONS = YES;
				CLANG_WARN_DIRECT_OBJC_ISA_USAGE = YES_ERROR;
				CLANG_WARN_DOCUMENTATION_COMMENTS = YES;
				CLANG_WARN_EMPTY_BODY = YES;
				CLANG_WARN_ENUM_CONVERSION = YES;
				CLANG_WARN_INFINITE_RECURSION = YES;
				CLANG_WARN_INT_CONVERSION = YES;
				CLANG_WARN_NON_LITERAL_NULL_CONVERSION = YES;
				CLANG_WARN_OBJC_IMPLICIT_RETAIN_SELF = YES;
				CLANG_WARN_OBJC_LITERAL_CONVERSION = YES;
				CLANG_WARN_OBJC_ROOT_CLASS = YES_ERROR;
				CLANG_WARN_QUOTED_INCLUDE_IN_FRAMEWORK_HEADER = YES;
				CLANG_WARN_RANGE_LOOP_ANALYSIS = YES;
				CLANG_WARN_STRICT_PROTOTYPES = YES;
				CLANG_WARN_SUSPICIOUS_MOVE = YES;
				CLANG_WARN_UNGUARDED_AVAILABILITY = YES_AGGRESSIVE;
				CLANG_WARN_UNREACHABLE_CODE = YES;
				CLANG_WARN__DUPLICATE_METHOD_MATCH = YES;
				COPY_PHASE_STRIP = NO;
				DEBUG_INFORMATION_FORMAT = dwarf;
				ENABLE_STRICT_OBJC_MSGSEND = YES;
				ENABLE_TESTABILITY = YES;
				GCC_C_LANGUAGE_STANDARD = gnu11;
				GCC_DYNAMIC_NO_PIC = NO;
				GCC_NO_COMMON_BLOCKS = YES;
				GCC_OPTIMIZATION_LEVEL = 0;
				GCC_PREPROCESSOR_DEFINITIONS = (
					"DEBUG=1",
					"$(inherited)",
				);
				GCC_WARN_64_TO_32_BIT_CONVERSION = YES;
				GCC_WARN_ABOUT_RETURN_TYPE = YES_ERROR;
				GCC_WARN_UNDECLARED_SELECTOR = YES;
				GCC_WARN_UNINITIALIZED_AUTOS = YES_AGGRESSIVE;
				GCC_WARN_UNUSED_FUNCTION = YES;
				GCC_WARN_UNUSED_VARIABLE = YES;
				IPHONEOS_DEPLOYMENT_TARGET = 14.0;
				MTL_ENABLE_DEBUG_INFO = INCLUDE_SOURCE;
				MTL_FAST_MATH = YES;
				ONLY_ACTIVE_ARCH = YES;
				SDKROOT = iphoneos;
				SWIFT_ACTIVE_COMPILATION_CONDITIONS = DEBUG;
				SWIFT_OPTIMIZATION_LEVEL = "-Onone";
			};
			name = Debug;
		};
		1EF8B0F029E785BE00BC213B /* Release */ = {
			isa = XCBuildConfiguration;
			buildSettings = {
				ALWAYS_SEARCH_USER_PATHS = NO;
				CLANG_ANALYZER_NONNULL = YES;
				CLANG_ANALYZER_NUMBER_OBJECT_CONVERSION = YES_AGGRESSIVE;
				CLANG_CXX_LANGUAGE_STANDARD = "gnu++20";
				CLANG_ENABLE_MODULES = YES;
				CLANG_ENABLE_OBJC_ARC = YES;
				CLANG_ENABLE_OBJC_WEAK = YES;
				CLANG_WARN_BLOCK_CAPTURE_AUTORELEASING = YES;
				CLANG_WARN_BOOL_CONVERSION = YES;
				CLANG_WARN_COMMA = YES;
				CLANG_WARN_CONSTANT_CONVERSION = YES;
				CLANG_WARN_DEPRECATED_OBJC_IMPLEMENTATIONS = YES;
				CLANG_WARN_DIRECT_OBJC_ISA_USAGE = YES_ERROR;
				CLANG_WARN_DOCUMENTATION_COMMENTS = YES;
				CLANG_WARN_EMPTY_BODY = YES;
				CLANG_WARN_ENUM_CONVERSION = YES;
				CLANG_WARN_INFINITE_RECURSION = YES;
				CLANG_WARN_INT_CONVERSION = YES;
				CLANG_WARN_NON_LITERAL_NULL_CONVERSION = YES;
				CLANG_WARN_OBJC_IMPLICIT_RETAIN_SELF = YES;
				CLANG_WARN_OBJC_LITERAL_CONVERSION = YES;
				CLANG_WARN_OBJC_ROOT_CLASS = YES_ERROR;
				CLANG_WARN_QUOTED_INCLUDE_IN_FRAMEWORK_HEADER = YES;
				CLANG_WARN_RANGE_LOOP_ANALYSIS = YES;
				CLANG_WARN_STRICT_PROTOTYPES = YES;
				CLANG_WARN_SUSPICIOUS_MOVE = YES;
				CLANG_WARN_UNGUARDED_AVAILABILITY = YES_AGGRESSIVE;
				CLANG_WARN_UNREACHABLE_CODE = YES;
				CLANG_WARN__DUPLICATE_METHOD_MATCH = YES;
				COPY_PHASE_STRIP = NO;
				DEBUG_INFORMATION_FORMAT = "dwarf-with-dsym";
				ENABLE_NS_ASSERTIONS = NO;
				ENABLE_STRICT_OBJC_MSGSEND = YES;
				GCC_C_LANGUAGE_STANDARD = gnu11;
				GCC_NO_COMMON_BLOCKS = YES;
				GCC_WARN_64_TO_32_BIT_CONVERSION = YES;
				GCC_WARN_ABOUT_RETURN_TYPE = YES_ERROR;
				GCC_WARN_UNDECLARED_SELECTOR = YES;
				GCC_WARN_UNINITIALIZED_AUTOS = YES_AGGRESSIVE;
				GCC_WARN_UNUSED_FUNCTION = YES;
				GCC_WARN_UNUSED_VARIABLE = YES;
				IPHONEOS_DEPLOYMENT_TARGET = 14.0;
				MTL_ENABLE_DEBUG_INFO = NO;
				MTL_FAST_MATH = YES;
				SDKROOT = iphoneos;
				SWIFT_COMPILATION_MODE = wholemodule;
				SWIFT_OPTIMIZATION_LEVEL = "-O";
				VALIDATE_PRODUCT = YES;
			};
			name = Release;
		};
		1EF8B0F229E785BE00BC213B /* Debug */ = {
			isa = XCBuildConfiguration;
			buildSettings = {
				ASSETCATALOG_COMPILER_APPICON_NAME = AppIcon;
				ASSETCATALOG_COMPILER_GLOBAL_ACCENT_COLOR_NAME = AccentColor;
				CODE_SIGN_STYLE = Automatic;
				CURRENT_PROJECT_VERSION = 1;
				DEVELOPMENT_ASSET_PATHS = "\"TodoAppTutorial/Preview Content\"";
				DEVELOPMENT_TEAM = 4FTFKXF8N5;
				ENABLE_PREVIEWS = YES;
				GENERATE_INFOPLIST_FILE = YES;
				INFOPLIST_KEY_UIApplicationSceneManifest_Generation = YES;
				INFOPLIST_KEY_UIApplicationSupportsIndirectInputEvents = YES;
				INFOPLIST_KEY_UILaunchScreen_Generation = YES;
				INFOPLIST_KEY_UISupportedInterfaceOrientations_iPad = "UIInterfaceOrientationPortrait UIInterfaceOrientationPortraitUpsideDown UIInterfaceOrientationLandscapeLeft UIInterfaceOrientationLandscapeRight";
				INFOPLIST_KEY_UISupportedInterfaceOrientations_iPhone = "UIInterfaceOrientationPortrait UIInterfaceOrientationLandscapeLeft UIInterfaceOrientationLandscapeRight";
				IPHONEOS_DEPLOYMENT_TARGET = 14.0;
				LD_RUNPATH_SEARCH_PATHS = (
					"$(inherited)",
					"@executable_path/Frameworks",
				);
				MARKETING_VERSION = 1.0;
				PRODUCT_BUNDLE_IDENTIFIER = com.jeongminkim.TodoAppTutorial;
				PRODUCT_NAME = "$(TARGET_NAME)";
				SWIFT_EMIT_LOC_STRINGS = YES;
				SWIFT_VERSION = 5.0;
				TARGETED_DEVICE_FAMILY = "1,2";
			};
			name = Debug;
		};
		1EF8B0F329E785BE00BC213B /* Release */ = {
			isa = XCBuildConfiguration;
			buildSettings = {
				ASSETCATALOG_COMPILER_APPICON_NAME = AppIcon;
				ASSETCATALOG_COMPILER_GLOBAL_ACCENT_COLOR_NAME = AccentColor;
				CODE_SIGN_STYLE = Automatic;
				CURRENT_PROJECT_VERSION = 1;
				DEVELOPMENT_ASSET_PATHS = "\"TodoAppTutorial/Preview Content\"";
				DEVELOPMENT_TEAM = 4FTFKXF8N5;
				ENABLE_PREVIEWS = YES;
				GENERATE_INFOPLIST_FILE = YES;
				INFOPLIST_KEY_UIApplicationSceneManifest_Generation = YES;
				INFOPLIST_KEY_UIApplicationSupportsIndirectInputEvents = YES;
				INFOPLIST_KEY_UILaunchScreen_Generation = YES;
				INFOPLIST_KEY_UISupportedInterfaceOrientations_iPad = "UIInterfaceOrientationPortrait UIInterfaceOrientationPortraitUpsideDown UIInterfaceOrientationLandscapeLeft UIInterfaceOrientationLandscapeRight";
				INFOPLIST_KEY_UISupportedInterfaceOrientations_iPhone = "UIInterfaceOrientationPortrait UIInterfaceOrientationLandscapeLeft UIInterfaceOrientationLandscapeRight";
				IPHONEOS_DEPLOYMENT_TARGET = 14.0;
				LD_RUNPATH_SEARCH_PATHS = (
					"$(inherited)",
					"@executable_path/Frameworks",
				);
				MARKETING_VERSION = 1.0;
				PRODUCT_BUNDLE_IDENTIFIER = com.jeongminkim.TodoAppTutorial;
				PRODUCT_NAME = "$(TARGET_NAME)";
				SWIFT_EMIT_LOC_STRINGS = YES;
				SWIFT_VERSION = 5.0;
				TARGETED_DEVICE_FAMILY = "1,2";
			};
			name = Release;
		};
/* End XCBuildConfiguration section */

/* Begin XCConfigurationList section */
		1EF8B0DE29E785BC00BC213B /* Build configuration list for PBXProject "TodoAppTutorial" */ = {
			isa = XCConfigurationList;
			buildConfigurations = (
				1EF8B0EF29E785BE00BC213B /* Debug */,
				1EF8B0F029E785BE00BC213B /* Release */,
			);
			defaultConfigurationIsVisible = 0;
			defaultConfigurationName = Release;
		};
		1EF8B0F129E785BE00BC213B /* Build configuration list for PBXNativeTarget "TodoAppTutorial" */ = {
			isa = XCConfigurationList;
			buildConfigurations = (
				1EF8B0F229E785BE00BC213B /* Debug */,
				1EF8B0F329E785BE00BC213B /* Release */,
			);
			defaultConfigurationIsVisible = 0;
			defaultConfigurationName = Release;
		};
/* End XCConfigurationList section */
	};
	rootObject = 1EF8B0DB29E785BC00BC213B /* Project object */;
}
